// !$*UTF8*$!
{
	archiveVersion = 1;
	classes = {
	};
	objectVersion = 77;
	objects = {

/* Begin PBXBuildFile section */
		23837F452E3C794F003AEF75 /* WidgetKit.framework in Frameworks */ = {isa = PBXBuildFile; fileRef = 2333327F2E29A15D00B48D7A /* WidgetKit.framework */; };
		23837F462E3C794F003AEF75 /* SwiftUI.framework in Frameworks */ = {isa = PBXBuildFile; fileRef = 233332812E29A15E00B48D7A /* SwiftUI.framework */; };
		23837F572E3C7950003AEF75 /* Live Activity Widget ExtensionExtension.appex in Embed Foundation Extensions */ = {isa = PBXBuildFile; fileRef = 23837F442E3C794F003AEF75 /* Live Activity Widget ExtensionExtension.appex */; settings = {ATTRIBUTES = (RemoveHeadersOnCopy, ); }; };
		23837F702E3C843E003AEF75 /* SwiftUI.framework in Frameworks */ = {isa = PBXBuildFile; fileRef = 233332812E29A15E00B48D7A /* SwiftUI.framework */; };
		23837F712E3C8446003AEF75 /* WidgetKit.framework in Frameworks */ = {isa = PBXBuildFile; fileRef = 2333327F2E29A15D00B48D7A /* WidgetKit.framework */; };
		23837F732E3C861E003AEF75 /* Adhan in Frameworks */ = {isa = PBXBuildFile; productRef = 23837F722E3C861E003AEF75 /* Adhan */; settings = {ATTRIBUTES = (Required, ); }; };
		239095472EC9B426005B0EF1 /* FirebaseAnalytics in Frameworks */ = {isa = PBXBuildFile; productRef = 239095462EC9B426005B0EF1 /* FirebaseAnalytics */; };
		239095492EC9B426005B0EF1 /* FirebaseAnalyticsCore in Frameworks */ = {isa = PBXBuildFile; productRef = 239095482EC9B426005B0EF1 /* FirebaseAnalyticsCore */; };
		2390954B2EC9B426005B0EF1 /* FirebaseAuth in Frameworks */ = {isa = PBXBuildFile; productRef = 2390954A2EC9B426005B0EF1 /* FirebaseAuth */; };
		2390954D2EC9B426005B0EF1 /* FirebaseCore in Frameworks */ = {isa = PBXBuildFile; productRef = 2390954C2EC9B426005B0EF1 /* FirebaseCore */; };
		2390954F2EC9B426005B0EF1 /* FirebaseDatabase in Frameworks */ = {isa = PBXBuildFile; productRef = 2390954E2EC9B426005B0EF1 /* FirebaseDatabase */; };
		239095512EC9B426005B0EF1 /* FirebaseStorage in Frameworks */ = {isa = PBXBuildFile; productRef = 239095502EC9B426005B0EF1 /* FirebaseStorage */; };
		239095532EC9B537005B0EF1 /* FirebaseFirestore in Frameworks */ = {isa = PBXBuildFile; productRef = 239095522EC9B537005B0EF1 /* FirebaseFirestore */; };
		24B928272F1F3C9B002B85D2 /* Assets.xcassets in Resources */ = {isa = PBXBuildFile; fileRef = 24B928262F1F3C9B002B85D2 /* Assets.xcassets */; };
/* End PBXBuildFile section */

/* Begin PBXContainerItemProxy section */
		23837F552E3C7950003AEF75 /* PBXContainerItemProxy */ = {
			isa = PBXContainerItemProxy;
			containerPortal = 23F09EF02E17292A00E25D2F /* Project object */;
			proxyType = 1;
			remoteGlobalIDString = 23837F432E3C794F003AEF75;
			remoteInfo = "Live Activity Widget ExtensionExtension";
		};
		23F09F062E17292B00E25D2F /* PBXContainerItemProxy */ = {
			isa = PBXContainerItemProxy;
			containerPortal = 23F09EF02E17292A00E25D2F /* Project object */;
			proxyType = 1;
			remoteGlobalIDString = 23F09EF72E17292A00E25D2F;
			remoteInfo = DeenBuddy;
		};
		23F09F102E17292B00E25D2F /* PBXContainerItemProxy */ = {
			isa = PBXContainerItemProxy;
			containerPortal = 23F09EF02E17292A00E25D2F /* Project object */;
			proxyType = 1;
			remoteGlobalIDString = 23F09EF72E17292A00E25D2F;
			remoteInfo = DeenBuddy;
		};
/* End PBXContainerItemProxy section */

/* Begin PBXCopyFilesBuildPhase section */
		233332962E29A15F00B48D7A /* Embed Foundation Extensions */ = {
			isa = PBXCopyFilesBuildPhase;
			buildActionMask = 2147483647;
			dstPath = "";
			dstSubfolderSpec = 13;
			files = (
				23837F572E3C7950003AEF75 /* Live Activity Widget ExtensionExtension.appex in Embed Foundation Extensions */,
			);
			name = "Embed Foundation Extensions";
			runOnlyForDeploymentPostprocessing = 0;
		};
/* End PBXCopyFilesBuildPhase section */

/* Begin PBXFileReference section */
		232D68222EAF245000676A93 /* AccessibilityService.swift */ = {isa = PBXFileReference; lastKnownFileType = sourcecode.swift; path = AccessibilityService.swift; sourceTree = "<group>"; };
		232D68242EAF245000676A93 /* AnalyticsService.swift */ = {isa = PBXFileReference; lastKnownFileType = sourcecode.swift; path = AnalyticsService.swift; sourceTree = "<group>"; };
		232D68262EAF245000676A93 /* CodebaseExtensionPoints.swift */ = {isa = PBXFileReference; lastKnownFileType = sourcecode.swift; path = CodebaseExtensionPoints.swift; sourceTree = "<group>"; };
		232D68272EAF245000676A93 /* ConfigurationManager.swift */ = {isa = PBXFileReference; lastKnownFileType = sourcecode.swift; path = ConfigurationManager.swift; sourceTree = "<group>"; };
		232D68282EAF245000676A93 /* FeatureFlagHelper.swift */ = {isa = PBXFileReference; lastKnownFileType = sourcecode.swift; path = FeatureFlagHelper.swift; sourceTree = "<group>"; };
		232D68292EAF245000676A93 /* IslamicFeatureFlags.swift */ = {isa = PBXFileReference; lastKnownFileType = sourcecode.swift; path = IslamicFeatureFlags.swift; sourceTree = "<group>"; };
		232D682A2EAF245000676A93 /* PremiumAnalyticsFeatures.swift */ = {isa = PBXFileReference; lastKnownFileType = sourcecode.swift; path = PremiumAnalyticsFeatures.swift; sourceTree = "<group>"; };
		232D682B2EAF245000676A93 /* SecureSetup.swift */ = {isa = PBXFileReference; lastKnownFileType = sourcecode.swift; path = SecureSetup.swift; sourceTree = "<group>"; };
		232D682D2EAF245000676A93 /* UnifiedSettingsKeys.swift */ = {isa = PBXFileReference; lastKnownFileType = sourcecode.swift; path = UnifiedSettingsKeys.swift; sourceTree = "<group>"; };
		232D682F2EAF245000676A93 /* DependencyContainer.swift */ = {isa = PBXFileReference; lastKnownFileType = sourcecode.swift; path = DependencyContainer.swift; sourceTree = "<group>"; };
		232D68312EAF245000676A93 /* ErrorHandling.swift */ = {isa = PBXFileReference; lastKnownFileType = sourcecode.swift; path = ErrorHandling.swift; sourceTree = "<group>"; };
		232D68332EAF245000676A93 /* AppLaunchActivity.swift */ = {isa = PBXFileReference; lastKnownFileType = sourcecode.swift; path = AppLaunchActivity.swift; sourceTree = "<group>"; };
		232D68342EAF245000676A93 /* DynamicIslandManager.swift */ = {isa = PBXFileReference; lastKnownFileType = sourcecode.swift; path = DynamicIslandManager.swift; sourceTree = "<group>"; };
		232D68352EAF245000676A93 /* PrayerCountdownActivity.swift */ = {isa = PBXFileReference; lastKnownFileType = sourcecode.swift; path = PrayerCountdownActivity.swift; sourceTree = "<group>"; };
		232D68362EAF245000676A93 /* PrayerLiveActivityActionBridge.swift */ = {isa = PBXFileReference; lastKnownFileType = sourcecode.swift; path = PrayerLiveActivityActionBridge.swift; sourceTree = "<group>"; };
		232D68382EAF245000676A93 /* Localizable_ar.json */ = {isa = PBXFileReference; lastKnownFileType = text.json; path = Localizable_ar.json; sourceTree = "<group>"; };
		232D68392EAF245000676A93 /* Localizable_en.json */ = {isa = PBXFileReference; lastKnownFileType = text.json; path = Localizable_en.json; sourceTree = "<group>"; };
		232D683A2EAF245000676A93 /* Localizable_es.json */ = {isa = PBXFileReference; lastKnownFileType = text.json; path = Localizable_es.json; sourceTree = "<group>"; };
		232D683B2EAF245000676A93 /* Localizable_fr.json */ = {isa = PBXFileReference; lastKnownFileType = text.json; path = Localizable_fr.json; sourceTree = "<group>"; };
		232D683C2EAF245000676A93 /* Localizable_ur.json */ = {isa = PBXFileReference; lastKnownFileType = text.json; path = Localizable_ur.json; sourceTree = "<group>"; };
		232D683F2EAF245000676A93 /* MockAPIClient.swift */ = {isa = PBXFileReference; lastKnownFileType = sourcecode.swift; path = MockAPIClient.swift; sourceTree = "<group>"; };
		232D68412EAF245000676A93 /* SubscriptionProduct.swift */ = {isa = PBXFileReference; lastKnownFileType = sourcecode.swift; path = SubscriptionProduct.swift; sourceTree = "<group>"; };
		232D68422EAF245000676A93 /* SubscriptionStatus.swift */ = {isa = PBXFileReference; lastKnownFileType = sourcecode.swift; path = SubscriptionStatus.swift; sourceTree = "<group>"; };
		232D68432EAF245000676A93 /* SubscriptionTier.swift */ = {isa = PBXFileReference; lastKnownFileType = sourcecode.swift; path = SubscriptionTier.swift; sourceTree = "<group>"; };
		232D68452EAF245000676A93 /* APIModels.swift */ = {isa = PBXFileReference; lastKnownFileType = sourcecode.swift; path = APIModels.swift; sourceTree = "<group>"; };
		232D68462EAF245000676A93 /* Difficulty.swift */ = {isa = PBXFileReference; lastKnownFileType = sourcecode.swift; path = Difficulty.swift; sourceTree = "<group>"; };
		232D68472EAF245000676A93 /* Hadith.swift */ = {isa = PBXFileReference; lastKnownFileType = sourcecode.swift; path = Hadith.swift; sourceTree = "<group>"; };
		232D68482EAF245000676A93 /* IslamicCalendarModels.swift */ = {isa = PBXFileReference; lastKnownFileType = sourcecode.swift; path = IslamicCalendarModels.swift; sourceTree = "<group>"; };
		232D68492EAF245000676A93 /* Language.swift */ = {isa = PBXFileReference; lastKnownFileType = sourcecode.swift; path = Language.swift; sourceTree = "<group>"; };
		232D684A2EAF245000676A93 /* Location.swift */ = {isa = PBXFileReference; lastKnownFileType = sourcecode.swift; path = Location.swift; sourceTree = "<group>"; };
		232D684B2EAF245000676A93 /* Madhab.swift */ = {isa = PBXFileReference; lastKnownFileType = sourcecode.swift; path = Madhab.swift; sourceTree = "<group>"; };
		232D684C2EAF245000676A93 /* NotificationTypes.swift */ = {isa = PBXFileReference; lastKnownFileType = sourcecode.swift; path = NotificationTypes.swift; sourceTree = "<group>"; };
		232D684D2EAF245000676A93 /* Prayer.swift */ = {isa = PBXFileReference; lastKnownFileType = sourcecode.swift; path = Prayer.swift; sourceTree = "<group>"; };
		232D684E2EAF245000676A93 /* PrayerContent.swift */ = {isa = PBXFileReference; lastKnownFileType = sourcecode.swift; path = PrayerContent.swift; sourceTree = "<group>"; };
		232D684F2EAF245000676A93 /* PrayerGuide.swift */ = {isa = PBXFileReference; lastKnownFileType = sourcecode.swift; path = PrayerGuide.swift; sourceTree = "<group>"; };
		232D68502EAF245000676A93 /* PrayerJournal.swift */ = {isa = PBXFileReference; lastKnownFileType = sourcecode.swift; path = PrayerJournal.swift; sourceTree = "<group>"; };
		232D68512EAF245000676A93 /* PrayerSchedule.swift */ = {isa = PBXFileReference; lastKnownFileType = sourcecode.swift; path = PrayerSchedule.swift; sourceTree = "<group>"; };
		232D68522EAF245000676A93 /* PrayerStep.swift */ = {isa = PBXFileReference; lastKnownFileType = sourcecode.swift; path = PrayerStep.swift; sourceTree = "<group>"; };
		232D68532EAF245000676A93 /* PrayerTimes.swift */ = {isa = PBXFileReference; lastKnownFileType = sourcecode.swift; path = PrayerTimes.swift; sourceTree = "<group>"; };
		232D68542EAF245000676A93 /* PrayerTracking.swift */ = {isa = PBXFileReference; lastKnownFileType = sourcecode.swift; path = PrayerTracking.swift; sourceTree = "<group>"; };
		232D68552EAF245000676A93 /* QiblaDirection.swift */ = {isa = PBXFileReference; lastKnownFileType = sourcecode.swift; path = QiblaDirection.swift; sourceTree = "<group>"; };
		232D68562EAF245000676A93 /* QuranVerse.swift */ = {isa = PBXFileReference; lastKnownFileType = sourcecode.swift; path = QuranVerse.swift; sourceTree = "<group>"; };
		232D68572EAF245000676A93 /* TasbihModels.swift */ = {isa = PBXFileReference; lastKnownFileType = sourcecode.swift; path = TasbihModels.swift; sourceTree = "<group>"; };
		232D68582EAF245000676A93 /* User.swift */ = {isa = PBXFileReference; lastKnownFileType = sourcecode.swift; path = User.swift; sourceTree = "<group>"; };
		232D68592EAF245000676A93 /* WidgetModels.swift */ = {isa = PBXFileReference; lastKnownFileType = sourcecode.swift; path = WidgetModels.swift; sourceTree = "<group>"; };
		232D685B2EAF245000676A93 /* PerformanceMonitor.swift */ = {isa = PBXFileReference; lastKnownFileType = sourcecode.swift; path = PerformanceMonitor.swift; sourceTree = "<group>"; };
		232D685D2EAF245000676A93 /* APIClientProtocol.swift */ = {isa = PBXFileReference; lastKnownFileType = sourcecode.swift; path = APIClientProtocol.swift; sourceTree = "<group>"; };
		232D685E2EAF245000676A93 /* SubscriptionServiceProtocol.swift */ = {isa = PBXFileReference; lastKnownFileType = sourcecode.swift; path = SubscriptionServiceProtocol.swift; sourceTree = "<group>"; };
		232D68602EAF245000676A93 /* SubscriptionService.swift */ = {isa = PBXFileReference; lastKnownFileType = sourcecode.swift; path = SubscriptionService.swift; sourceTree = "<group>"; };
		232D68612EAF245000676A93 /* SubscriptionStatusManager.swift */ = {isa = PBXFileReference; lastKnownFileType = sourcecode.swift; path = SubscriptionStatusManager.swift; sourceTree = "<group>"; };
		232D68632EAF245000676A93 /* APICache.swift */ = {isa = PBXFileReference; lastKnownFileType = sourcecode.swift; path = APICache.swift; sourceTree = "<group>"; };
		232D68642EAF245000676A93 /* APIClient.swift */ = {isa = PBXFileReference; lastKnownFileType = sourcecode.swift; path = APIClient.swift; sourceTree = "<group>"; };
		232D68652EAF245000676A93 /* AppLifecycleManager.swift */ = {isa = PBXFileReference; lastKnownFileType = sourcecode.swift; path = AppLifecycleManager.swift; sourceTree = "<group>"; };
		232D68662EAF245000676A93 /* ARCompassSession.swift */ = {isa = PBXFileReference; lastKnownFileType = sourcecode.swift; path = ARCompassSession.swift; sourceTree = "<group>"; };
		232D68672EAF245000676A93 /* BackgroundProcessingOptimizer.swift */ = {isa = PBXFileReference; lastKnownFileType = sourcecode.swift; path = BackgroundProcessingOptimizer.swift; sourceTree = "<group>"; };
		232D68682EAF245000676A93 /* BackgroundTaskManager.swift */ = {isa = PBXFileReference; lastKnownFileType = sourcecode.swift; path = BackgroundTaskManager.swift; sourceTree = "<group>"; };
		232D68692EAF245000676A93 /* BaseService.swift */ = {isa = PBXFileReference; lastKnownFileType = sourcecode.swift; path = BaseService.swift; sourceTree = "<group>"; };
		232D686A2EAF245000676A93 /* BatteryAwareTimerManager.swift */ = {isa = PBXFileReference; lastKnownFileType = sourcecode.swift; path = BatteryAwareTimerManager.swift; sourceTree = "<group>"; };
		232D686B2EAF245000676A93 /* BatteryOptimizer.swift */ = {isa = PBXFileReference; lastKnownFileType = sourcecode.swift; path = BatteryOptimizer.swift; sourceTree = "<group>"; };
		232D686C2EAF245000676A93 /* ContentService.swift */ = {isa = PBXFileReference; lastKnownFileType = sourcecode.swift; path = ContentService.swift; sourceTree = "<group>"; };
		232D686D2EAF245000676A93 /* ExampleRefactoredService.swift */ = {isa = PBXFileReference; lastKnownFileType = sourcecode.swift; path = ExampleRefactoredService.swift; sourceTree = "<group>"; };
		232D686E2EAF245000676A93 /* HapticFeedbackService.swift */ = {isa = PBXFileReference; lastKnownFileType = sourcecode.swift; path = HapticFeedbackService.swift; sourceTree = "<group>"; };
		232D686F2EAF245000676A93 /* IslamicCalendarService.swift */ = {isa = PBXFileReference; lastKnownFileType = sourcecode.swift; path = IslamicCalendarService.swift; sourceTree = "<group>"; };
		232D68702EAF245000676A93 /* IslamicEventNotificationService.swift */ = {isa = PBXFileReference; lastKnownFileType = sourcecode.swift; path = IslamicEventNotificationService.swift; sourceTree = "<group>"; };
		232D68712EAF245000676A93 /* IslamicKnowledgeService.swift */ = {isa = PBXFileReference; lastKnownFileType = sourcecode.swift; path = IslamicKnowledgeService.swift; sourceTree = "<group>"; };
		232D68722EAF245000676A93 /* LocalizationService.swift */ = {isa = PBXFileReference; lastKnownFileType = sourcecode.swift; path = LocalizationService.swift; sourceTree = "<group>"; };
		232D68732EAF245000676A93 /* LocationService.swift */ = {isa = PBXFileReference; lastKnownFileType = sourcecode.swift; path = LocationService.swift; sourceTree = "<group>"; };
		232D68742EAF245000676A93 /* MemoryManager.swift */ = {isa = PBXFileReference; lastKnownFileType = sourcecode.swift; path = MemoryManager.swift; sourceTree = "<group>"; };
		232D68752EAF245000676A93 /* NetworkMonitor.swift */ = {isa = PBXFileReference; lastKnownFileType = sourcecode.swift; path = NetworkMonitor.swift; sourceTree = "<group>"; };
		232D68762EAF245000676A93 /* NotificationService.swift */ = {isa = PBXFileReference; lastKnownFileType = sourcecode.swift; path = NotificationService.swift; sourceTree = "<group>"; };
		232D68772EAF245000676A93 /* OfflineService.swift */ = {isa = PBXFileReference; lastKnownFileType = sourcecode.swift; path = OfflineService.swift; sourceTree = "<group>"; };
		232D68782EAF245000676A93 /* PerformanceMonitoringService.swift */ = {isa = PBXFileReference; lastKnownFileType = sourcecode.swift; path = PerformanceMonitoringService.swift; sourceTree = "<group>"; };
		232D68792EAF245000676A93 /* PrayerAnalyticsService.swift */ = {isa = PBXFileReference; lastKnownFileType = sourcecode.swift; path = PrayerAnalyticsService.swift; sourceTree = "<group>"; };
		232D687A2EAF245000676A93 /* PrayerJournalService.swift */ = {isa = PBXFileReference; lastKnownFileType = sourcecode.swift; path = PrayerJournalService.swift; sourceTree = "<group>"; };
		232D687B2EAF245000676A93 /* PrayerTimeRequestCoordinator.swift */ = {isa = PBXFileReference; lastKnownFileType = sourcecode.swift; path = PrayerTimeRequestCoordinator.swift; sourceTree = "<group>"; };
		232D687C2EAF245000676A93 /* PrayerTimeService.swift */ = {isa = PBXFileReference; lastKnownFileType = sourcecode.swift; path = PrayerTimeService.swift; sourceTree = "<group>"; };
		232D687D2EAF245000676A93 /* PrayerTrackingCoordinator.swift */ = {isa = PBXFileReference; lastKnownFileType = sourcecode.swift; path = PrayerTrackingCoordinator.swift; sourceTree = "<group>"; };
		232D687E2EAF245000676A93 /* PrayerTrackingService.swift */ = {isa = PBXFileReference; lastKnownFileType = sourcecode.swift; path = PrayerTrackingService.swift; sourceTree = "<group>"; };
		232D687F2EAF245000676A93 /* QuranAPIService.swift */ = {isa = PBXFileReference; lastKnownFileType = sourcecode.swift; path = QuranAPIService.swift; sourceTree = "<group>"; };
		232D68802EAF245000676A93 /* QuranDataValidator.swift */ = {isa = PBXFileReference; lastKnownFileType = sourcecode.swift; path = QuranDataValidator.swift; sourceTree = "<group>"; };
		232D68812EAF245000676A93 /* QuranSearchService.swift */ = {isa = PBXFileReference; lastKnownFileType = sourcecode.swift; path = QuranSearchService.swift; sourceTree = "<group>"; };
		232D68822EAF245000676A93 /* RetryMechanism.swift */ = {isa = PBXFileReference; lastKnownFileType = sourcecode.swift; path = RetryMechanism.swift; sourceTree = "<group>"; };
		232D68832EAF245000676A93 /* SemanticSearchEngine.swift */ = {isa = PBXFileReference; lastKnownFileType = sourcecode.swift; path = SemanticSearchEngine.swift; sourceTree = "<group>"; };
		232D68842EAF245000676A93 /* SettingsService.swift */ = {isa = PBXFileReference; lastKnownFileType = sourcecode.swift; path = SettingsService.swift; sourceTree = "<group>"; };
		232D68852EAF245000676A93 /* SharedInstances.swift */ = {isa = PBXFileReference; lastKnownFileType = sourcecode.swift; path = SharedInstances.swift; sourceTree = "<group>"; };
		232D68862EAF245000676A93 /* ShareService.swift */ = {isa = PBXFileReference; lastKnownFileType = sourcecode.swift; path = ShareService.swift; sourceTree = "<group>"; };
		232D68872EAF245000676A93 /* SupabaseService.swift */ = {isa = PBXFileReference; lastKnownFileType = sourcecode.swift; path = SupabaseService.swift; sourceTree = "<group>"; };
		232D68882EAF245000676A93 /* SupabaseServiceTest.swift */ = {isa = PBXFileReference; lastKnownFileType = sourcecode.swift; path = SupabaseServiceTest.swift; sourceTree = "<group>"; };
		232D68892EAF245000676A93 /* TasbihService.swift */ = {isa = PBXFileReference; lastKnownFileType = sourcecode.swift; path = TasbihService.swift; sourceTree = "<group>"; };
		232D688A2EAF245000676A93 /* UnifiedCacheManager.swift */ = {isa = PBXFileReference; lastKnownFileType = sourcecode.swift; path = UnifiedCacheManager.swift; sourceTree = "<group>"; };
		232D688B2EAF245000676A93 /* UserPreferencesService.swift */ = {isa = PBXFileReference; lastKnownFileType = sourcecode.swift; path = UserPreferencesService.swift; sourceTree = "<group>"; };
		232D688C2EAF245000676A93 /* WidgetService.swift */ = {isa = PBXFileReference; lastKnownFileType = sourcecode.swift; path = WidgetService.swift; sourceTree = "<group>"; };
		232D688E2EAF245000676A93 /* PrayerTimeShortcuts.swift */ = {isa = PBXFileReference; lastKnownFileType = sourcecode.swift; path = PrayerTimeShortcuts.swift; sourceTree = "<group>"; };
		232D68902EAF245000676A93 /* Logger.swift */ = {isa = PBXFileReference; lastKnownFileType = sourcecode.swift; path = Logger.swift; sourceTree = "<group>"; };
		232D68912EAF245000676A93 /* ResourceMonitor.swift */ = {isa = PBXFileReference; lastKnownFileType = sourcecode.swift; path = ResourceMonitor.swift; sourceTree = "<group>"; };
		232D68922EAF245000676A93 /* SharedUtilities.swift */ = {isa = PBXFileReference; lastKnownFileType = sourcecode.swift; path = SharedUtilities.swift; sourceTree = "<group>"; };
		232D68942EAF245000676A93 /* DeenAssistCore.swift */ = {isa = PBXFileReference; lastKnownFileType = sourcecode.swift; path = DeenAssistCore.swift; sourceTree = "<group>"; };
		232D68952EAF245000676A93 /* PackageExports.swift */ = {isa = PBXFileReference; lastKnownFileType = sourcecode.swift; path = PackageExports.swift; sourceTree = "<group>"; };
		2333327F2E29A15D00B48D7A /* WidgetKit.framework */ = {isa = PBXFileReference; lastKnownFileType = wrapper.framework; name = WidgetKit.framework; path = System/Library/Frameworks/WidgetKit.framework; sourceTree = SDKROOT; };
		233332812E29A15E00B48D7A /* SwiftUI.framework */ = {isa = PBXFileReference; lastKnownFileType = wrapper.framework; name = SwiftUI.framework; path = System/Library/Frameworks/SwiftUI.framework; sourceTree = SDKROOT; };
		233332AA2E29A19D00B48D7A /* ActivityKit.framework */ = {isa = PBXFileReference; lastKnownFileType = wrapper.framework; name = ActivityKit.framework; path = System/Library/Frameworks/ActivityKit.framework; sourceTree = SDKROOT; };
		233332B72E29A91000B48D7A /* AccessibilityService.swift */ = {isa = PBXFileReference; lastKnownFileType = sourcecode.swift; path = AccessibilityService.swift; sourceTree = "<group>"; };
		233332B92E29A91000B48D7A /* AnalyticsService.swift */ = {isa = PBXFileReference; lastKnownFileType = sourcecode.swift; path = AnalyticsService.swift; sourceTree = "<group>"; };
		233332BB2E29A91000B48D7A /* CodebaseExtensionPoints.swift */ = {isa = PBXFileReference; lastKnownFileType = sourcecode.swift; path = CodebaseExtensionPoints.swift; sourceTree = "<group>"; };
		233332BC2E29A91000B48D7A /* ConfigurationManager.swift */ = {isa = PBXFileReference; lastKnownFileType = sourcecode.swift; path = ConfigurationManager.swift; sourceTree = "<group>"; };
		233332BD2E29A91000B48D7A /* FeatureFlagHelper.swift */ = {isa = PBXFileReference; lastKnownFileType = sourcecode.swift; path = FeatureFlagHelper.swift; sourceTree = "<group>"; };
		233332BE2E29A91000B48D7A /* IslamicFeatureFlags.swift */ = {isa = PBXFileReference; lastKnownFileType = sourcecode.swift; path = IslamicFeatureFlags.swift; sourceTree = "<group>"; };
		233332BF2E29A91000B48D7A /* SecureSetup.swift */ = {isa = PBXFileReference; lastKnownFileType = sourcecode.swift; path = SecureSetup.swift; sourceTree = "<group>"; };
		233332C12E29A91000B48D7A /* UnifiedSettingsKeys.swift */ = {isa = PBXFileReference; lastKnownFileType = sourcecode.swift; path = UnifiedSettingsKeys.swift; sourceTree = "<group>"; };
		233332C32E29A91000B48D7A /* DependencyContainer.swift */ = {isa = PBXFileReference; lastKnownFileType = sourcecode.swift; path = DependencyContainer.swift; sourceTree = "<group>"; };
		233332C52E29A91000B48D7A /* ErrorHandling.swift */ = {isa = PBXFileReference; lastKnownFileType = sourcecode.swift; path = ErrorHandling.swift; sourceTree = "<group>"; };
		233332C72E29A91000B48D7A /* DynamicIslandManager.swift */ = {isa = PBXFileReference; lastKnownFileType = sourcecode.swift; path = DynamicIslandManager.swift; sourceTree = "<group>"; };
		233332C82E29A91000B48D7A /* PrayerCountdownActivity.swift */ = {isa = PBXFileReference; lastKnownFileType = sourcecode.swift; path = PrayerCountdownActivity.swift; sourceTree = "<group>"; };
		233332CA2E29A91000B48D7A /* Localizable_ar.json */ = {isa = PBXFileReference; lastKnownFileType = text.json; path = Localizable_ar.json; sourceTree = "<group>"; };
		233332CB2E29A91000B48D7A /* Localizable_en.json */ = {isa = PBXFileReference; lastKnownFileType = text.json; path = Localizable_en.json; sourceTree = "<group>"; };
		233332CC2E29A91000B48D7A /* Localizable_es.json */ = {isa = PBXFileReference; lastKnownFileType = text.json; path = Localizable_es.json; sourceTree = "<group>"; };
		233332CD2E29A91000B48D7A /* Localizable_fr.json */ = {isa = PBXFileReference; lastKnownFileType = text.json; path = Localizable_fr.json; sourceTree = "<group>"; };
		233332CE2E29A91000B48D7A /* Localizable_ur.json */ = {isa = PBXFileReference; lastKnownFileType = text.json; path = Localizable_ur.json; sourceTree = "<group>"; };
		233332D12E29A91000B48D7A /* MockAPIClient.swift */ = {isa = PBXFileReference; lastKnownFileType = sourcecode.swift; path = MockAPIClient.swift; sourceTree = "<group>"; };
		233332D32E29A91000B48D7A /* APIModels.swift */ = {isa = PBXFileReference; lastKnownFileType = sourcecode.swift; path = APIModels.swift; sourceTree = "<group>"; };
		233332D42E29A91000B48D7A /* Difficulty.swift */ = {isa = PBXFileReference; lastKnownFileType = sourcecode.swift; path = Difficulty.swift; sourceTree = "<group>"; };
		233332D52E29A91000B48D7A /* Hadith.swift */ = {isa = PBXFileReference; lastKnownFileType = sourcecode.swift; path = Hadith.swift; sourceTree = "<group>"; };
		233332D62E29A91000B48D7A /* IslamicCalendarModels.swift */ = {isa = PBXFileReference; lastKnownFileType = sourcecode.swift; path = IslamicCalendarModels.swift; sourceTree = "<group>"; };
		233332D72E29A91000B48D7A /* Language.swift */ = {isa = PBXFileReference; lastKnownFileType = sourcecode.swift; path = Language.swift; sourceTree = "<group>"; };
		233332D82E29A91000B48D7A /* Location.swift */ = {isa = PBXFileReference; lastKnownFileType = sourcecode.swift; path = Location.swift; sourceTree = "<group>"; };
		233332D92E29A91000B48D7A /* Madhab.swift */ = {isa = PBXFileReference; lastKnownFileType = sourcecode.swift; path = Madhab.swift; sourceTree = "<group>"; };
		233332DA2E29A91000B48D7A /* NotificationTypes.swift */ = {isa = PBXFileReference; lastKnownFileType = sourcecode.swift; path = NotificationTypes.swift; sourceTree = "<group>"; };
		233332DB2E29A91000B48D7A /* Prayer.swift */ = {isa = PBXFileReference; lastKnownFileType = sourcecode.swift; path = Prayer.swift; sourceTree = "<group>"; };
		233332DC2E29A91000B48D7A /* PrayerContent.swift */ = {isa = PBXFileReference; lastKnownFileType = sourcecode.swift; path = PrayerContent.swift; sourceTree = "<group>"; };
		233332DD2E29A91000B48D7A /* PrayerGuide.swift */ = {isa = PBXFileReference; lastKnownFileType = sourcecode.swift; path = PrayerGuide.swift; sourceTree = "<group>"; };
		233332DE2E29A91000B48D7A /* PrayerJournal.swift */ = {isa = PBXFileReference; lastKnownFileType = sourcecode.swift; path = PrayerJournal.swift; sourceTree = "<group>"; };
		233332DF2E29A91000B48D7A /* PrayerSchedule.swift */ = {isa = PBXFileReference; lastKnownFileType = sourcecode.swift; path = PrayerSchedule.swift; sourceTree = "<group>"; };
		233332E02E29A91000B48D7A /* PrayerStep.swift */ = {isa = PBXFileReference; lastKnownFileType = sourcecode.swift; path = PrayerStep.swift; sourceTree = "<group>"; };
		233332E12E29A91000B48D7A /* PrayerTimes.swift */ = {isa = PBXFileReference; lastKnownFileType = sourcecode.swift; path = PrayerTimes.swift; sourceTree = "<group>"; };
		233332E22E29A91000B48D7A /* PrayerTracking.swift */ = {isa = PBXFileReference; lastKnownFileType = sourcecode.swift; path = PrayerTracking.swift; sourceTree = "<group>"; };
		233332E32E29A91000B48D7A /* QiblaDirection.swift */ = {isa = PBXFileReference; lastKnownFileType = sourcecode.swift; path = QiblaDirection.swift; sourceTree = "<group>"; };
		233332E42E29A91000B48D7A /* QuranVerse.swift */ = {isa = PBXFileReference; lastKnownFileType = sourcecode.swift; path = QuranVerse.swift; sourceTree = "<group>"; };
		233332E52E29A91000B48D7A /* TasbihModels.swift */ = {isa = PBXFileReference; lastKnownFileType = sourcecode.swift; path = TasbihModels.swift; sourceTree = "<group>"; };
		233332E62E29A91000B48D7A /* User.swift */ = {isa = PBXFileReference; lastKnownFileType = sourcecode.swift; path = User.swift; sourceTree = "<group>"; };
		233332E72E29A91000B48D7A /* WidgetModels.swift */ = {isa = PBXFileReference; lastKnownFileType = sourcecode.swift; path = WidgetModels.swift; sourceTree = "<group>"; };
		233332E92E29A91000B48D7A /* PerformanceMonitor.swift */ = {isa = PBXFileReference; lastKnownFileType = sourcecode.swift; path = PerformanceMonitor.swift; sourceTree = "<group>"; };
		233332EB2E29A91000B48D7A /* APIClientProtocol.swift */ = {isa = PBXFileReference; lastKnownFileType = sourcecode.swift; path = APIClientProtocol.swift; sourceTree = "<group>"; };
		233332ED2E29A91000B48D7A /* APICache.swift */ = {isa = PBXFileReference; lastKnownFileType = sourcecode.swift; path = APICache.swift; sourceTree = "<group>"; };
		233332EE2E29A91000B48D7A /* APIClient.swift */ = {isa = PBXFileReference; lastKnownFileType = sourcecode.swift; path = APIClient.swift; sourceTree = "<group>"; };
		233332EF2E29A91000B48D7A /* AppLifecycleManager.swift */ = {isa = PBXFileReference; lastKnownFileType = sourcecode.swift; path = AppLifecycleManager.swift; sourceTree = "<group>"; };
		233332F02E29A91000B48D7A /* ARCompassSession.swift */ = {isa = PBXFileReference; lastKnownFileType = sourcecode.swift; path = ARCompassSession.swift; sourceTree = "<group>"; };
		233332F12E29A91000B48D7A /* BackgroundProcessingOptimizer.swift */ = {isa = PBXFileReference; lastKnownFileType = sourcecode.swift; path = BackgroundProcessingOptimizer.swift; sourceTree = "<group>"; };
		233332F22E29A91000B48D7A /* BackgroundTaskManager.swift */ = {isa = PBXFileReference; lastKnownFileType = sourcecode.swift; path = BackgroundTaskManager.swift; sourceTree = "<group>"; };
		233332F32E29A91000B48D7A /* BaseService.swift */ = {isa = PBXFileReference; lastKnownFileType = sourcecode.swift; path = BaseService.swift; sourceTree = "<group>"; };
		233332F42E29A91000B48D7A /* BatteryAwareTimerManager.swift */ = {isa = PBXFileReference; lastKnownFileType = sourcecode.swift; path = BatteryAwareTimerManager.swift; sourceTree = "<group>"; };
		233332F52E29A91000B48D7A /* BatteryOptimizer.swift */ = {isa = PBXFileReference; lastKnownFileType = sourcecode.swift; path = BatteryOptimizer.swift; sourceTree = "<group>"; };
		233332F62E29A91000B48D7A /* ContentService.swift */ = {isa = PBXFileReference; lastKnownFileType = sourcecode.swift; path = ContentService.swift; sourceTree = "<group>"; };
		233332F72E29A91000B48D7A /* ExampleRefactoredService.swift */ = {isa = PBXFileReference; lastKnownFileType = sourcecode.swift; path = ExampleRefactoredService.swift; sourceTree = "<group>"; };
		233332F82E29A91000B48D7A /* HapticFeedbackService.swift */ = {isa = PBXFileReference; lastKnownFileType = sourcecode.swift; path = HapticFeedbackService.swift; sourceTree = "<group>"; };
		233332F92E29A91000B48D7A /* IslamicCalendarService.swift */ = {isa = PBXFileReference; lastKnownFileType = sourcecode.swift; path = IslamicCalendarService.swift; sourceTree = "<group>"; };
		233332FA2E29A91000B48D7A /* IslamicEventNotificationService.swift */ = {isa = PBXFileReference; lastKnownFileType = sourcecode.swift; path = IslamicEventNotificationService.swift; sourceTree = "<group>"; };
		233332FB2E29A91000B48D7A /* IslamicKnowledgeService.swift */ = {isa = PBXFileReference; lastKnownFileType = sourcecode.swift; path = IslamicKnowledgeService.swift; sourceTree = "<group>"; };
		233332FC2E29A91000B48D7A /* LocalizationService.swift */ = {isa = PBXFileReference; lastKnownFileType = sourcecode.swift; path = LocalizationService.swift; sourceTree = "<group>"; };
		233332FD2E29A91000B48D7A /* LocationService.swift */ = {isa = PBXFileReference; lastKnownFileType = sourcecode.swift; path = LocationService.swift; sourceTree = "<group>"; };
		233332FE2E29A91000B48D7A /* MemoryManager.swift */ = {isa = PBXFileReference; lastKnownFileType = sourcecode.swift; path = MemoryManager.swift; sourceTree = "<group>"; };
		233332FF2E29A91000B48D7A /* NetworkMonitor.swift */ = {isa = PBXFileReference; lastKnownFileType = sourcecode.swift; path = NetworkMonitor.swift; sourceTree = "<group>"; };
		233333002E29A91000B48D7A /* NotificationService.swift */ = {isa = PBXFileReference; lastKnownFileType = sourcecode.swift; path = NotificationService.swift; sourceTree = "<group>"; };
		233333012E29A91000B48D7A /* OfflineService.swift */ = {isa = PBXFileReference; lastKnownFileType = sourcecode.swift; path = OfflineService.swift; sourceTree = "<group>"; };
		233333022E29A91000B48D7A /* PrayerJournalService.swift */ = {isa = PBXFileReference; lastKnownFileType = sourcecode.swift; path = PrayerJournalService.swift; sourceTree = "<group>"; };
		233333032E29A91000B48D7A /* PrayerTimeService.swift */ = {isa = PBXFileReference; lastKnownFileType = sourcecode.swift; path = PrayerTimeService.swift; sourceTree = "<group>"; };
		233333042E29A91000B48D7A /* PrayerTrackingService.swift */ = {isa = PBXFileReference; lastKnownFileType = sourcecode.swift; path = PrayerTrackingService.swift; sourceTree = "<group>"; };
		233333052E29A91000B48D7A /* QuranAPIService.swift */ = {isa = PBXFileReference; lastKnownFileType = sourcecode.swift; path = QuranAPIService.swift; sourceTree = "<group>"; };
		233333062E29A91000B48D7A /* QuranDataValidator.swift */ = {isa = PBXFileReference; lastKnownFileType = sourcecode.swift; path = QuranDataValidator.swift; sourceTree = "<group>"; };
		233333072E29A91000B48D7A /* QuranSearchService.swift */ = {isa = PBXFileReference; lastKnownFileType = sourcecode.swift; path = QuranSearchService.swift; sourceTree = "<group>"; };
		233333082E29A91000B48D7A /* RetryMechanism.swift */ = {isa = PBXFileReference; lastKnownFileType = sourcecode.swift; path = RetryMechanism.swift; sourceTree = "<group>"; };
		233333092E29A91000B48D7A /* SemanticSearchEngine.swift */ = {isa = PBXFileReference; lastKnownFileType = sourcecode.swift; path = SemanticSearchEngine.swift; sourceTree = "<group>"; };
		2333330A2E29A91000B48D7A /* SettingsService.swift */ = {isa = PBXFileReference; lastKnownFileType = sourcecode.swift; path = SettingsService.swift; sourceTree = "<group>"; };
		2333330B2E29A91000B48D7A /* SharedInstances.swift */ = {isa = PBXFileReference; lastKnownFileType = sourcecode.swift; path = SharedInstances.swift; sourceTree = "<group>"; };
		2333330C2E29A91000B48D7A /* ShareService.swift */ = {isa = PBXFileReference; lastKnownFileType = sourcecode.swift; path = ShareService.swift; sourceTree = "<group>"; };
		2333330D2E29A91000B48D7A /* SupabaseService.swift */ = {isa = PBXFileReference; lastKnownFileType = sourcecode.swift; path = SupabaseService.swift; sourceTree = "<group>"; };
		2333330E2E29A91000B48D7A /* SupabaseServiceTest.swift */ = {isa = PBXFileReference; lastKnownFileType = sourcecode.swift; path = SupabaseServiceTest.swift; sourceTree = "<group>"; };
		2333330F2E29A91000B48D7A /* TasbihService.swift */ = {isa = PBXFileReference; lastKnownFileType = sourcecode.swift; path = TasbihService.swift; sourceTree = "<group>"; };
		233333102E29A91000B48D7A /* UnifiedCacheManager.swift */ = {isa = PBXFileReference; lastKnownFileType = sourcecode.swift; path = UnifiedCacheManager.swift; sourceTree = "<group>"; };
		233333112E29A91000B48D7A /* UserPreferencesService.swift */ = {isa = PBXFileReference; lastKnownFileType = sourcecode.swift; path = UserPreferencesService.swift; sourceTree = "<group>"; };
		233333122E29A91000B48D7A /* WidgetService.swift */ = {isa = PBXFileReference; lastKnownFileType = sourcecode.swift; path = WidgetService.swift; sourceTree = "<group>"; };
		233333142E29A91000B48D7A /* PrayerTimeShortcuts.swift */ = {isa = PBXFileReference; lastKnownFileType = sourcecode.swift; path = PrayerTimeShortcuts.swift; sourceTree = "<group>"; };
		233333162E29A91000B48D7A /* ResourceMonitor.swift */ = {isa = PBXFileReference; lastKnownFileType = sourcecode.swift; path = ResourceMonitor.swift; sourceTree = "<group>"; };
		233333172E29A91000B48D7A /* SharedUtilities.swift */ = {isa = PBXFileReference; lastKnownFileType = sourcecode.swift; path = SharedUtilities.swift; sourceTree = "<group>"; };
		233333192E29A91000B48D7A /* DeenAssistCore.swift */ = {isa = PBXFileReference; lastKnownFileType = sourcecode.swift; path = DeenAssistCore.swift; sourceTree = "<group>"; };
		2333331A2E29A91000B48D7A /* PackageExports.swift */ = {isa = PBXFileReference; lastKnownFileType = sourcecode.swift; path = PackageExports.swift; sourceTree = "<group>"; };
		23837F442E3C794F003AEF75 /* Live Activity Widget ExtensionExtension.appex */ = {isa = PBXFileReference; explicitFileType = "wrapper.app-extension"; includeInIndex = 0; path = "Live Activity Widget ExtensionExtension.appex"; sourceTree = BUILT_PRODUCTS_DIR; };
		23837F6F2E3C8312003AEF75 /* Live Activity Widget ExtensionExtension.entitlements */ = {isa = PBXFileReference; lastKnownFileType = text.plist.entitlements; path = "Live Activity Widget ExtensionExtension.entitlements"; sourceTree = "<group>"; };
		23F09EF82E17292A00E25D2F /* DeenBuddy.app */ = {isa = PBXFileReference; explicitFileType = wrapper.application; includeInIndex = 0; path = DeenBuddy.app; sourceTree = BUILT_PRODUCTS_DIR; };
		23F09F052E17292B00E25D2F /* DeenBuddyTests.xctest */ = {isa = PBXFileReference; explicitFileType = wrapper.cfbundle; includeInIndex = 0; path = DeenBuddyTests.xctest; sourceTree = BUILT_PRODUCTS_DIR; };
		23F09F0F2E17292B00E25D2F /* DeenBuddyUITests.xctest */ = {isa = PBXFileReference; explicitFileType = wrapper.cfbundle; includeInIndex = 0; path = DeenBuddyUITests.xctest; sourceTree = BUILT_PRODUCTS_DIR; };
		24B928262F1F3C9B002B85D2 /* Assets.xcassets */ = {isa = PBXFileReference; lastKnownFileType = folder.assetcatalog; name = Assets.xcassets; path = DeenBuddy/Resources/Assets.xcassets; sourceTree = SOURCE_ROOT; };
/* End PBXFileReference section */

/* Begin PBXFileSystemSynchronizedBuildFileExceptionSet section */
		237579DB2E4E5D6800747C0A /* Exceptions for "DeenBuddy" folder in "Live Activity Widget ExtensionExtension" target */ = {
			isa = PBXFileSystemSynchronizedBuildFileExceptionSet;
			membershipExceptions = (
				Frameworks/DeenAssistCore/LiveActivities/AppLaunchActivity.swift,
				Frameworks/DeenAssistCore/LiveActivities/DynamicIslandManager.swift,
				Frameworks/DeenAssistCore/LiveActivities/PrayerCountdownActivity.swift,
				Frameworks/DeenAssistCore/LiveActivities/PrayerLiveActivityActionBridge.swift,
				Frameworks/DeenAssistCore/Models/Prayer.swift,
			);
			target = 23837F432E3C794F003AEF75 /* Live Activity Widget ExtensionExtension */;
		};
		23837F302E396278003AEF75 /* Exceptions for "DeenBuddy" folder in "DeenBuddy" target */ = {
			isa = PBXFileSystemSynchronizedBuildFileExceptionSet;
			membershipExceptions = (
				Info.plist,
			);
			target = 23F09EF72E17292A00E25D2F /* DeenBuddy */;
		};
		23837F5B2E3C7950003AEF75 /* Exceptions for "Live Activity Widget Extension" folder in "Live Activity Widget ExtensionExtension" target */ = {
			isa = PBXFileSystemSynchronizedBuildFileExceptionSet;
			membershipExceptions = (
				Info.plist,
			);
			target = 23837F432E3C794F003AEF75 /* Live Activity Widget ExtensionExtension */;
		};
/* End PBXFileSystemSynchronizedBuildFileExceptionSet section */

/* Begin PBXFileSystemSynchronizedRootGroup section */
		23837F472E3C794F003AEF75 /* Live Activity Widget Extension */ = {
			isa = PBXFileSystemSynchronizedRootGroup;
			exceptions = (
				23837F5B2E3C7950003AEF75 /* Exceptions for "Live Activity Widget Extension" folder in "Live Activity Widget ExtensionExtension" target */,
			);
			path = "Live Activity Widget Extension";
			sourceTree = "<group>";
		};
		23F09EFA2E17292A00E25D2F /* DeenBuddy */ = {
			isa = PBXFileSystemSynchronizedRootGroup;
			exceptions = (
				23837F302E396278003AEF75 /* Exceptions for "DeenBuddy" folder in "DeenBuddy" target */,
				237579DB2E4E5D6800747C0A /* Exceptions for "DeenBuddy" folder in "Live Activity Widget ExtensionExtension" target */,
			);
			path = DeenBuddy;
			sourceTree = "<group>";
		};
		23F09F082E17292B00E25D2F /* DeenBuddyTests */ = {
			isa = PBXFileSystemSynchronizedRootGroup;
			path = DeenBuddyTests;
			sourceTree = "<group>";
		};
		23F09F122E17292B00E25D2F /* DeenBuddyUITests */ = {
			isa = PBXFileSystemSynchronizedRootGroup;
			path = DeenBuddyUITests;
			sourceTree = "<group>";
		};
/* End PBXFileSystemSynchronizedRootGroup section */

/* Begin PBXFrameworksBuildPhase section */
		23837F412E3C794F003AEF75 /* Frameworks */ = {
			isa = PBXFrameworksBuildPhase;
			buildActionMask = 2147483647;
			files = (
				23837F462E3C794F003AEF75 /* SwiftUI.framework in Frameworks */,
				23837F452E3C794F003AEF75 /* WidgetKit.framework in Frameworks */,
			);
			runOnlyForDeploymentPostprocessing = 0;
		};
		23F09EF52E17292A00E25D2F /* Frameworks */ = {
			isa = PBXFrameworksBuildPhase;
			buildActionMask = 2147483647;
			files = (
				23837F732E3C861E003AEF75 /* Adhan in Frameworks */,
				2390954B2EC9B426005B0EF1 /* FirebaseAuth in Frameworks */,
				239095512EC9B426005B0EF1 /* FirebaseStorage in Frameworks */,
				239095532EC9B537005B0EF1 /* FirebaseFirestore in Frameworks */,
				23837F702E3C843E003AEF75 /* SwiftUI.framework in Frameworks */,
				239095492EC9B426005B0EF1 /* FirebaseAnalyticsCore in Frameworks */,
				2390954D2EC9B426005B0EF1 /* FirebaseCore in Frameworks */,
				239095472EC9B426005B0EF1 /* FirebaseAnalytics in Frameworks */,
				2390954F2EC9B426005B0EF1 /* FirebaseDatabase in Frameworks */,
				23837F712E3C8446003AEF75 /* WidgetKit.framework in Frameworks */,
			);
			runOnlyForDeploymentPostprocessing = 0;
		};
		23F09F022E17292B00E25D2F /* Frameworks */ = {
			isa = PBXFrameworksBuildPhase;
			buildActionMask = 2147483647;
			files = (
			);
			runOnlyForDeploymentPostprocessing = 0;
		};
		23F09F0C2E17292B00E25D2F /* Frameworks */ = {
			isa = PBXFrameworksBuildPhase;
			buildActionMask = 2147483647;
			files = (
			);
			runOnlyForDeploymentPostprocessing = 0;
		};
/* End PBXFrameworksBuildPhase section */

/* Begin PBXGroup section */
		232D68232EAF245000676A93 /* Accessibility */ = {
			isa = PBXGroup;
			children = (
				232D68222EAF245000676A93 /* AccessibilityService.swift */,
			);
			path = Accessibility;
			sourceTree = "<group>";
		};
		232D68252EAF245000676A93 /* Analytics */ = {
			isa = PBXGroup;
			children = (
				232D68242EAF245000676A93 /* AnalyticsService.swift */,
			);
			path = Analytics;
			sourceTree = "<group>";
		};
		232D682C2EAF245000676A93 /* Configuration */ = {
			isa = PBXGroup;
			children = (
				232D68262EAF245000676A93 /* CodebaseExtensionPoints.swift */,
				232D68272EAF245000676A93 /* ConfigurationManager.swift */,
				232D68282EAF245000676A93 /* FeatureFlagHelper.swift */,
				232D68292EAF245000676A93 /* IslamicFeatureFlags.swift */,
				232D682A2EAF245000676A93 /* PremiumAnalyticsFeatures.swift */,
				232D682B2EAF245000676A93 /* SecureSetup.swift */,
			);
			path = Configuration;
			sourceTree = "<group>";
		};
		232D682E2EAF245000676A93 /* Constants */ = {
			isa = PBXGroup;
			children = (
				232D682D2EAF245000676A93 /* UnifiedSettingsKeys.swift */,
			);
			path = Constants;
			sourceTree = "<group>";
		};
		232D68302EAF245000676A93 /* DependencyInjection */ = {
			isa = PBXGroup;
			children = (
				232D682F2EAF245000676A93 /* DependencyContainer.swift */,
			);
			path = DependencyInjection;
			sourceTree = "<group>";
		};
		232D68322EAF245000676A93 /* ErrorHandling */ = {
			isa = PBXGroup;
			children = (
				232D68312EAF245000676A93 /* ErrorHandling.swift */,
			);
			path = ErrorHandling;
			sourceTree = "<group>";
		};
		232D68372EAF245000676A93 /* LiveActivities */ = {
			isa = PBXGroup;
			children = (
				232D68332EAF245000676A93 /* AppLaunchActivity.swift */,
				232D68342EAF245000676A93 /* DynamicIslandManager.swift */,
				232D68352EAF245000676A93 /* PrayerCountdownActivity.swift */,
				232D68362EAF245000676A93 /* PrayerLiveActivityActionBridge.swift */,
			);
			path = LiveActivities;
			sourceTree = "<group>";
		};
		232D683D2EAF245000676A93 /* Resources */ = {
			isa = PBXGroup;
			children = (
				232D68382EAF245000676A93 /* Localizable_ar.json */,
				232D68392EAF245000676A93 /* Localizable_en.json */,
				232D683A2EAF245000676A93 /* Localizable_es.json */,
				232D683B2EAF245000676A93 /* Localizable_fr.json */,
				232D683C2EAF245000676A93 /* Localizable_ur.json */,
			);
			path = Resources;
			sourceTree = "<group>";
		};
		232D683E2EAF245000676A93 /* Localization */ = {
			isa = PBXGroup;
			children = (
				232D683D2EAF245000676A93 /* Resources */,
			);
			path = Localization;
			sourceTree = "<group>";
		};
		232D68402EAF245000676A93 /* Mocks */ = {
			isa = PBXGroup;
			children = (
				232D683F2EAF245000676A93 /* MockAPIClient.swift */,
			);
			path = Mocks;
			sourceTree = "<group>";
		};
		232D68442EAF245000676A93 /* Subscription */ = {
			isa = PBXGroup;
			children = (
				232D68412EAF245000676A93 /* SubscriptionProduct.swift */,
				232D68422EAF245000676A93 /* SubscriptionStatus.swift */,
				232D68432EAF245000676A93 /* SubscriptionTier.swift */,
			);
			path = Subscription;
			sourceTree = "<group>";
		};
		232D685A2EAF245000676A93 /* Models */ = {
			isa = PBXGroup;
			children = (
				232D68442EAF245000676A93 /* Subscription */,
				232D68452EAF245000676A93 /* APIModels.swift */,
				232D68462EAF245000676A93 /* Difficulty.swift */,
				232D68472EAF245000676A93 /* Hadith.swift */,
				232D68482EAF245000676A93 /* IslamicCalendarModels.swift */,
				232D68492EAF245000676A93 /* Language.swift */,
				232D684A2EAF245000676A93 /* Location.swift */,
				232D684B2EAF245000676A93 /* Madhab.swift */,
				232D684C2EAF245000676A93 /* NotificationTypes.swift */,
				232D684D2EAF245000676A93 /* Prayer.swift */,
				232D684E2EAF245000676A93 /* PrayerContent.swift */,
				232D684F2EAF245000676A93 /* PrayerGuide.swift */,
				232D68502EAF245000676A93 /* PrayerJournal.swift */,
				232D68512EAF245000676A93 /* PrayerSchedule.swift */,
				232D68522EAF245000676A93 /* PrayerStep.swift */,
				232D68532EAF245000676A93 /* PrayerTimes.swift */,
				232D68542EAF245000676A93 /* PrayerTracking.swift */,
				232D68552EAF245000676A93 /* QiblaDirection.swift */,
				232D68562EAF245000676A93 /* QuranVerse.swift */,
				232D68572EAF245000676A93 /* TasbihModels.swift */,
				232D68582EAF245000676A93 /* User.swift */,
				232D68592EAF245000676A93 /* WidgetModels.swift */,
			);
			path = Models;
			sourceTree = "<group>";
		};
		232D685C2EAF245000676A93 /* Performance */ = {
			isa = PBXGroup;
			children = (
				232D685B2EAF245000676A93 /* PerformanceMonitor.swift */,
			);
			path = Performance;
			sourceTree = "<group>";
		};
		232D685F2EAF245000676A93 /* Protocols */ = {
			isa = PBXGroup;
			children = (
				232D685D2EAF245000676A93 /* APIClientProtocol.swift */,
				232D685E2EAF245000676A93 /* SubscriptionServiceProtocol.swift */,
			);
			path = Protocols;
			sourceTree = "<group>";
		};
		232D68622EAF245000676A93 /* Subscription */ = {
			isa = PBXGroup;
			children = (
				232D68602EAF245000676A93 /* SubscriptionService.swift */,
				232D68612EAF245000676A93 /* SubscriptionStatusManager.swift */,
			);
			path = Subscription;
			sourceTree = "<group>";
		};
		232D688D2EAF245000676A93 /* Services */ = {
			isa = PBXGroup;
			children = (
				232D68622EAF245000676A93 /* Subscription */,
				232D68632EAF245000676A93 /* APICache.swift */,
				232D68642EAF245000676A93 /* APIClient.swift */,
				232D68652EAF245000676A93 /* AppLifecycleManager.swift */,
				232D68662EAF245000676A93 /* ARCompassSession.swift */,
				232D68672EAF245000676A93 /* BackgroundProcessingOptimizer.swift */,
				232D68682EAF245000676A93 /* BackgroundTaskManager.swift */,
				232D68692EAF245000676A93 /* BaseService.swift */,
				232D686A2EAF245000676A93 /* BatteryAwareTimerManager.swift */,
				232D686B2EAF245000676A93 /* BatteryOptimizer.swift */,
				232D686C2EAF245000676A93 /* ContentService.swift */,
				232D686D2EAF245000676A93 /* ExampleRefactoredService.swift */,
				232D686E2EAF245000676A93 /* HapticFeedbackService.swift */,
				232D686F2EAF245000676A93 /* IslamicCalendarService.swift */,
				232D68702EAF245000676A93 /* IslamicEventNotificationService.swift */,
				232D68712EAF245000676A93 /* IslamicKnowledgeService.swift */,
				232D68722EAF245000676A93 /* LocalizationService.swift */,
				232D68732EAF245000676A93 /* LocationService.swift */,
				232D68742EAF245000676A93 /* MemoryManager.swift */,
				232D68752EAF245000676A93 /* NetworkMonitor.swift */,
				232D68762EAF245000676A93 /* NotificationService.swift */,
				232D68772EAF245000676A93 /* OfflineService.swift */,
				232D68782EAF245000676A93 /* PerformanceMonitoringService.swift */,
				232D68792EAF245000676A93 /* PrayerAnalyticsService.swift */,
				232D687A2EAF245000676A93 /* PrayerJournalService.swift */,
				232D687B2EAF245000676A93 /* PrayerTimeRequestCoordinator.swift */,
				232D687C2EAF245000676A93 /* PrayerTimeService.swift */,
				232D687D2EAF245000676A93 /* PrayerTrackingCoordinator.swift */,
				232D687E2EAF245000676A93 /* PrayerTrackingService.swift */,
				232D687F2EAF245000676A93 /* QuranAPIService.swift */,
				232D68802EAF245000676A93 /* QuranDataValidator.swift */,
				232D68812EAF245000676A93 /* QuranSearchService.swift */,
				232D68822EAF245000676A93 /* RetryMechanism.swift */,
				232D68832EAF245000676A93 /* SemanticSearchEngine.swift */,
				232D68842EAF245000676A93 /* SettingsService.swift */,
				232D68852EAF245000676A93 /* SharedInstances.swift */,
				232D68862EAF245000676A93 /* ShareService.swift */,
				232D68872EAF245000676A93 /* SupabaseService.swift */,
				232D68882EAF245000676A93 /* SupabaseServiceTest.swift */,
				232D68892EAF245000676A93 /* TasbihService.swift */,
				232D688A2EAF245000676A93 /* UnifiedCacheManager.swift */,
				232D688B2EAF245000676A93 /* UserPreferencesService.swift */,
				232D688C2EAF245000676A93 /* WidgetService.swift */,
			);
			path = Services;
			sourceTree = "<group>";
		};
		232D688F2EAF245000676A93 /* Shortcuts */ = {
			isa = PBXGroup;
			children = (
				232D688E2EAF245000676A93 /* PrayerTimeShortcuts.swift */,
			);
			path = Shortcuts;
			sourceTree = "<group>";
		};
		232D68932EAF245000676A93 /* Utilities */ = {
			isa = PBXGroup;
			children = (
				232D68902EAF245000676A93 /* Logger.swift */,
				232D68912EAF245000676A93 /* ResourceMonitor.swift */,
				232D68922EAF245000676A93 /* SharedUtilities.swift */,
			);
			path = Utilities;
			sourceTree = "<group>";
		};
		232D68962EAF245000676A93 /* DeenAssistCore */ = {
			isa = PBXGroup;
			children = (
				232D68232EAF245000676A93 /* Accessibility */,
				232D68252EAF245000676A93 /* Analytics */,
				232D682C2EAF245000676A93 /* Configuration */,
				232D682E2EAF245000676A93 /* Constants */,
				232D68302EAF245000676A93 /* DependencyInjection */,
				232D68322EAF245000676A93 /* ErrorHandling */,
				232D68372EAF245000676A93 /* LiveActivities */,
				232D683E2EAF245000676A93 /* Localization */,
				232D68402EAF245000676A93 /* Mocks */,
				232D685A2EAF245000676A93 /* Models */,
				232D685C2EAF245000676A93 /* Performance */,
				232D685F2EAF245000676A93 /* Protocols */,
				232D688D2EAF245000676A93 /* Services */,
				232D688F2EAF245000676A93 /* Shortcuts */,
				232D68932EAF245000676A93 /* Utilities */,
				232D68942EAF245000676A93 /* DeenAssistCore.swift */,
				232D68952EAF245000676A93 /* PackageExports.swift */,
			);
			name = DeenAssistCore;
			path = DeenBuddy/Frameworks/DeenAssistCore;
			sourceTree = "<group>";
		};
		233332B82E29A91000B48D7A /* Accessibility */ = {
			isa = PBXGroup;
			children = (
				233332B72E29A91000B48D7A /* AccessibilityService.swift */,
			);
			path = Accessibility;
			sourceTree = "<group>";
		};
		233332BA2E29A91000B48D7A /* Analytics */ = {
			isa = PBXGroup;
			children = (
				233332B92E29A91000B48D7A /* AnalyticsService.swift */,
			);
			path = Analytics;
			sourceTree = "<group>";
		};
		233332C02E29A91000B48D7A /* Configuration */ = {
			isa = PBXGroup;
			children = (
				233332BB2E29A91000B48D7A /* CodebaseExtensionPoints.swift */,
				233332BC2E29A91000B48D7A /* ConfigurationManager.swift */,
				233332BD2E29A91000B48D7A /* FeatureFlagHelper.swift */,
				233332BE2E29A91000B48D7A /* IslamicFeatureFlags.swift */,
				233332BF2E29A91000B48D7A /* SecureSetup.swift */,
			);
			path = Configuration;
			sourceTree = "<group>";
		};
		233332C22E29A91000B48D7A /* Constants */ = {
			isa = PBXGroup;
			children = (
				233332C12E29A91000B48D7A /* UnifiedSettingsKeys.swift */,
			);
			path = Constants;
			sourceTree = "<group>";
		};
		233332C42E29A91000B48D7A /* DependencyInjection */ = {
			isa = PBXGroup;
			children = (
				233332C32E29A91000B48D7A /* DependencyContainer.swift */,
			);
			path = DependencyInjection;
			sourceTree = "<group>";
		};
		233332C62E29A91000B48D7A /* ErrorHandling */ = {
			isa = PBXGroup;
			children = (
				233332C52E29A91000B48D7A /* ErrorHandling.swift */,
			);
			path = ErrorHandling;
			sourceTree = "<group>";
		};
		233332C92E29A91000B48D7A /* LiveActivities */ = {
			isa = PBXGroup;
			children = (
				233332C72E29A91000B48D7A /* DynamicIslandManager.swift */,
				233332C82E29A91000B48D7A /* PrayerCountdownActivity.swift */,
			);
			path = LiveActivities;
			sourceTree = "<group>";
		};
		233332CF2E29A91000B48D7A /* Resources */ = {
			isa = PBXGroup;
			children = (
				233332CA2E29A91000B48D7A /* Localizable_ar.json */,
				233332CB2E29A91000B48D7A /* Localizable_en.json */,
				233332CC2E29A91000B48D7A /* Localizable_es.json */,
				233332CD2E29A91000B48D7A /* Localizable_fr.json */,
				233332CE2E29A91000B48D7A /* Localizable_ur.json */,
			);
			path = Resources;
			sourceTree = "<group>";
		};
		233332D02E29A91000B48D7A /* Localization */ = {
			isa = PBXGroup;
			children = (
				233332CF2E29A91000B48D7A /* Resources */,
			);
			path = Localization;
			sourceTree = "<group>";
		};
		233332D22E29A91000B48D7A /* Mocks */ = {
			isa = PBXGroup;
			children = (
				233332D12E29A91000B48D7A /* MockAPIClient.swift */,
			);
			path = Mocks;
			sourceTree = "<group>";
		};
		233332E82E29A91000B48D7A /* Models */ = {
			isa = PBXGroup;
			children = (
				233332D32E29A91000B48D7A /* APIModels.swift */,
				233332D42E29A91000B48D7A /* Difficulty.swift */,
				233332D52E29A91000B48D7A /* Hadith.swift */,
				233332D62E29A91000B48D7A /* IslamicCalendarModels.swift */,
				233332D72E29A91000B48D7A /* Language.swift */,
				233332D82E29A91000B48D7A /* Location.swift */,
				233332D92E29A91000B48D7A /* Madhab.swift */,
				233332DA2E29A91000B48D7A /* NotificationTypes.swift */,
				233332DB2E29A91000B48D7A /* Prayer.swift */,
				233332DC2E29A91000B48D7A /* PrayerContent.swift */,
				233332DD2E29A91000B48D7A /* PrayerGuide.swift */,
				233332DE2E29A91000B48D7A /* PrayerJournal.swift */,
				233332DF2E29A91000B48D7A /* PrayerSchedule.swift */,
				233332E02E29A91000B48D7A /* PrayerStep.swift */,
				233332E12E29A91000B48D7A /* PrayerTimes.swift */,
				233332E22E29A91000B48D7A /* PrayerTracking.swift */,
				233332E32E29A91000B48D7A /* QiblaDirection.swift */,
				233332E42E29A91000B48D7A /* QuranVerse.swift */,
				233332E52E29A91000B48D7A /* TasbihModels.swift */,
				233332E62E29A91000B48D7A /* User.swift */,
				233332E72E29A91000B48D7A /* WidgetModels.swift */,
			);
			path = Models;
			sourceTree = "<group>";
		};
		233332EA2E29A91000B48D7A /* Performance */ = {
			isa = PBXGroup;
			children = (
				233332E92E29A91000B48D7A /* PerformanceMonitor.swift */,
			);
			path = Performance;
			sourceTree = "<group>";
		};
		233332EC2E29A91000B48D7A /* Protocols */ = {
			isa = PBXGroup;
			children = (
				233332EB2E29A91000B48D7A /* APIClientProtocol.swift */,
			);
			path = Protocols;
			sourceTree = "<group>";
		};
		233333132E29A91000B48D7A /* Services */ = {
			isa = PBXGroup;
			children = (
				233332ED2E29A91000B48D7A /* APICache.swift */,
				233332EE2E29A91000B48D7A /* APIClient.swift */,
				233332EF2E29A91000B48D7A /* AppLifecycleManager.swift */,
				233332F02E29A91000B48D7A /* ARCompassSession.swift */,
				233332F12E29A91000B48D7A /* BackgroundProcessingOptimizer.swift */,
				233332F22E29A91000B48D7A /* BackgroundTaskManager.swift */,
				233332F32E29A91000B48D7A /* BaseService.swift */,
				233332F42E29A91000B48D7A /* BatteryAwareTimerManager.swift */,
				233332F52E29A91000B48D7A /* BatteryOptimizer.swift */,
				233332F62E29A91000B48D7A /* ContentService.swift */,
				233332F72E29A91000B48D7A /* ExampleRefactoredService.swift */,
				233332F82E29A91000B48D7A /* HapticFeedbackService.swift */,
				233332F92E29A91000B48D7A /* IslamicCalendarService.swift */,
				233332FA2E29A91000B48D7A /* IslamicEventNotificationService.swift */,
				233332FB2E29A91000B48D7A /* IslamicKnowledgeService.swift */,
				233332FC2E29A91000B48D7A /* LocalizationService.swift */,
				233332FD2E29A91000B48D7A /* LocationService.swift */,
				233332FE2E29A91000B48D7A /* MemoryManager.swift */,
				233332FF2E29A91000B48D7A /* NetworkMonitor.swift */,
				233333002E29A91000B48D7A /* NotificationService.swift */,
				233333012E29A91000B48D7A /* OfflineService.swift */,
				233333022E29A91000B48D7A /* PrayerJournalService.swift */,
				233333032E29A91000B48D7A /* PrayerTimeService.swift */,
				233333042E29A91000B48D7A /* PrayerTrackingService.swift */,
				233333052E29A91000B48D7A /* QuranAPIService.swift */,
				233333062E29A91000B48D7A /* QuranDataValidator.swift */,
				233333072E29A91000B48D7A /* QuranSearchService.swift */,
				233333082E29A91000B48D7A /* RetryMechanism.swift */,
				233333092E29A91000B48D7A /* SemanticSearchEngine.swift */,
				2333330A2E29A91000B48D7A /* SettingsService.swift */,
				2333330B2E29A91000B48D7A /* SharedInstances.swift */,
				2333330C2E29A91000B48D7A /* ShareService.swift */,
				2333330D2E29A91000B48D7A /* SupabaseService.swift */,
				2333330E2E29A91000B48D7A /* SupabaseServiceTest.swift */,
				2333330F2E29A91000B48D7A /* TasbihService.swift */,
				233333102E29A91000B48D7A /* UnifiedCacheManager.swift */,
				233333112E29A91000B48D7A /* UserPreferencesService.swift */,
				233333122E29A91000B48D7A /* WidgetService.swift */,
			);
			path = Services;
			sourceTree = "<group>";
		};
		233333152E29A91000B48D7A /* Shortcuts */ = {
			isa = PBXGroup;
			children = (
				233333142E29A91000B48D7A /* PrayerTimeShortcuts.swift */,
			);
			path = Shortcuts;
			sourceTree = "<group>";
		};
		233333182E29A91000B48D7A /* Utilities */ = {
			isa = PBXGroup;
			children = (
				233333162E29A91000B48D7A /* ResourceMonitor.swift */,
				233333172E29A91000B48D7A /* SharedUtilities.swift */,
			);
			path = Utilities;
			sourceTree = "<group>";
		};
		2333331B2E29A91000B48D7A /* DeenAssistCore */ = {
			isa = PBXGroup;
			children = (
				233332B82E29A91000B48D7A /* Accessibility */,
				233332BA2E29A91000B48D7A /* Analytics */,
				233332C02E29A91000B48D7A /* Configuration */,
				233332C22E29A91000B48D7A /* Constants */,
				233332C42E29A91000B48D7A /* DependencyInjection */,
				233332C62E29A91000B48D7A /* ErrorHandling */,
				233332C92E29A91000B48D7A /* LiveActivities */,
				233332D02E29A91000B48D7A /* Localization */,
				233332D22E29A91000B48D7A /* Mocks */,
				233332E82E29A91000B48D7A /* Models */,
				233332EA2E29A91000B48D7A /* Performance */,
				233332EC2E29A91000B48D7A /* Protocols */,
				233333132E29A91000B48D7A /* Services */,
				233333152E29A91000B48D7A /* Shortcuts */,
				233333182E29A91000B48D7A /* Utilities */,
				233333192E29A91000B48D7A /* DeenAssistCore.swift */,
				2333331A2E29A91000B48D7A /* PackageExports.swift */,
			);
			name = DeenAssistCore;
			path = DeenBuddy/Frameworks/DeenAssistCore;
			sourceTree = "<group>";
		};
		23EC89D92E20A2DE00BCAB83 /* Frameworks */ = {
			isa = PBXGroup;
			children = (
				2333331B2E29A91000B48D7A /* DeenAssistCore */,
				232D68962EAF245000676A93 /* DeenAssistCore */,
				233332AA2E29A19D00B48D7A /* ActivityKit.framework */,
				2333327F2E29A15D00B48D7A /* WidgetKit.framework */,
				233332812E29A15E00B48D7A /* SwiftUI.framework */,
			);
			name = Frameworks;
			sourceTree = "<group>";
		};
		23F09EEF2E17292A00E25D2F = {
			isa = PBXGroup;
			children = (
				23837F6F2E3C8312003AEF75 /* Live Activity Widget ExtensionExtension.entitlements */,
				23F09EFA2E17292A00E25D2F /* DeenBuddy */,
				23F09F082E17292B00E25D2F /* DeenBuddyTests */,
				23F09F122E17292B00E25D2F /* DeenBuddyUITests */,
				23837F472E3C794F003AEF75 /* Live Activity Widget Extension */,
				23EC89D92E20A2DE00BCAB83 /* Frameworks */,
				23F09EF92E17292A00E25D2F /* Products */,
				24B928262F1F3C9B002B85D2 /* Assets.xcassets */,
			);
			sourceTree = "<group>";
		};
		23F09EF92E17292A00E25D2F /* Products */ = {
			isa = PBXGroup;
			children = (
				23F09EF82E17292A00E25D2F /* DeenBuddy.app */,
				23F09F052E17292B00E25D2F /* DeenBuddyTests.xctest */,
				23F09F0F2E17292B00E25D2F /* DeenBuddyUITests.xctest */,
				23837F442E3C794F003AEF75 /* Live Activity Widget ExtensionExtension.appex */,
			);
			name = Products;
			sourceTree = "<group>";
		};
/* End PBXGroup section */

/* Begin PBXNativeTarget section */
		23837F432E3C794F003AEF75 /* Live Activity Widget ExtensionExtension */ = {
			isa = PBXNativeTarget;
			buildConfigurationList = 23837F582E3C7950003AEF75 /* Build configuration list for PBXNativeTarget "Live Activity Widget ExtensionExtension" */;
			buildPhases = (
				23837F402E3C794F003AEF75 /* Sources */,
				23837F412E3C794F003AEF75 /* Frameworks */,
				23837F422E3C794F003AEF75 /* Resources */,
			);
			buildRules = (
			);
			dependencies = (
			);
			fileSystemSynchronizedGroups = (
				23837F472E3C794F003AEF75 /* Live Activity Widget Extension */,
			);
			name = "Live Activity Widget ExtensionExtension";
			packageProductDependencies = (
			);
			productName = "Live Activity Widget ExtensionExtension";
			productReference = 23837F442E3C794F003AEF75 /* Live Activity Widget ExtensionExtension.appex */;
			productType = "com.apple.product-type.app-extension";
		};
		23F09EF72E17292A00E25D2F /* DeenBuddy */ = {
			isa = PBXNativeTarget;
			buildConfigurationList = 23F09F192E17292B00E25D2F /* Build configuration list for PBXNativeTarget "DeenBuddy" */;
			buildPhases = (
				23F09EF42E17292A00E25D2F /* Sources */,
				23F09EF52E17292A00E25D2F /* Frameworks */,
				23F09EF62E17292A00E25D2F /* Resources */,
				233332962E29A15F00B48D7A /* Embed Foundation Extensions */,
			);
			buildRules = (
			);
			dependencies = (
				23837F562E3C7950003AEF75 /* PBXTargetDependency */,
			);
			fileSystemSynchronizedGroups = (
				23F09EFA2E17292A00E25D2F /* DeenBuddy */,
			);
			name = DeenBuddy;
			packageProductDependencies = (
				23837F722E3C861E003AEF75 /* Adhan */,
				239095462EC9B426005B0EF1 /* FirebaseAnalytics */,
				239095482EC9B426005B0EF1 /* FirebaseAnalyticsCore */,
				2390954A2EC9B426005B0EF1 /* FirebaseAuth */,
				2390954C2EC9B426005B0EF1 /* FirebaseCore */,
				2390954E2EC9B426005B0EF1 /* FirebaseDatabase */,
				239095502EC9B426005B0EF1 /* FirebaseStorage */,
				239095522EC9B537005B0EF1 /* FirebaseFirestore */,
			);
			productName = DeenBuddy;
			productReference = 23F09EF82E17292A00E25D2F /* DeenBuddy.app */;
			productType = "com.apple.product-type.application";
		};
		23F09F042E17292B00E25D2F /* DeenBuddyTests */ = {
			isa = PBXNativeTarget;
			buildConfigurationList = 23F09F1C2E17292B00E25D2F /* Build configuration list for PBXNativeTarget "DeenBuddyTests" */;
			buildPhases = (
				23F09F012E17292B00E25D2F /* Sources */,
				23F09F022E17292B00E25D2F /* Frameworks */,
				23F09F032E17292B00E25D2F /* Resources */,
			);
			buildRules = (
			);
			dependencies = (
				23F09F072E17292B00E25D2F /* PBXTargetDependency */,
			);
			fileSystemSynchronizedGroups = (
				23F09F082E17292B00E25D2F /* DeenBuddyTests */,
			);
			name = DeenBuddyTests;
			productName = DeenBuddyTests;
			productReference = 23F09F052E17292B00E25D2F /* DeenBuddyTests.xctest */;
			productType = "com.apple.product-type.bundle.unit-test";
		};
		23F09F0E2E17292B00E25D2F /* DeenBuddyUITests */ = {
			isa = PBXNativeTarget;
			buildConfigurationList = 23F09F1F2E17292B00E25D2F /* Build configuration list for PBXNativeTarget "DeenBuddyUITests" */;
			buildPhases = (
				23F09F0B2E17292B00E25D2F /* Sources */,
				23F09F0C2E17292B00E25D2F /* Frameworks */,
				23F09F0D2E17292B00E25D2F /* Resources */,
			);
			buildRules = (
			);
			dependencies = (
				23F09F112E17292B00E25D2F /* PBXTargetDependency */,
			);
			fileSystemSynchronizedGroups = (
				23F09F122E17292B00E25D2F /* DeenBuddyUITests */,
			);
			name = DeenBuddyUITests;
			productName = DeenBuddyUITests;
			productReference = 23F09F0F2E17292B00E25D2F /* DeenBuddyUITests.xctest */;
			productType = "com.apple.product-type.bundle.ui-testing";
		};
/* End PBXNativeTarget section */

/* Begin PBXProject section */
		23F09EF02E17292A00E25D2F /* Project object */ = {
			isa = PBXProject;
			attributes = {
				BuildIndependentTargetsInParallel = 1;
				LastSwiftUpdateCheck = 1640;
				LastUpgradeCheck = 1640;
				TargetAttributes = {
					23837F432E3C794F003AEF75 = {
						CreatedOnToolsVersion = 16.4;
					};
					23F09EF72E17292A00E25D2F = {
						CreatedOnToolsVersion = 16.4;
					};
					23F09F042E17292B00E25D2F = {
						CreatedOnToolsVersion = 16.4;
						TestTargetID = 23F09EF72E17292A00E25D2F;
					};
					23F09F0E2E17292B00E25D2F = {
						CreatedOnToolsVersion = 16.4;
						TestTargetID = 23F09EF72E17292A00E25D2F;
					};
				};
			};
			buildConfigurationList = 23F09EF32E17292A00E25D2F /* Build configuration list for PBXProject "DeenBuddy" */;
			developmentRegion = en;
			hasScannedForEncodings = 0;
			knownRegions = (
				en,
				Base,
			);
			mainGroup = 23F09EEF2E17292A00E25D2F;
			minimizedProjectReferenceProxies = 1;
			packageReferences = (
				23EA690E2E20AA2100415CFC /* XCRemoteSwiftPackageReference "adhan-swift" */,
				239095452EC9B426005B0EF1 /* XCRemoteSwiftPackageReference "firebase-ios-sdk" */,
			);
			preferredProjectObjectVersion = 77;
			productRefGroup = 23F09EF92E17292A00E25D2F /* Products */;
			projectDirPath = "";
			projectRoot = "";
			targets = (
				23F09EF72E17292A00E25D2F /* DeenBuddy */,
				23F09F042E17292B00E25D2F /* DeenBuddyTests */,
				23F09F0E2E17292B00E25D2F /* DeenBuddyUITests */,
				23837F432E3C794F003AEF75 /* Live Activity Widget ExtensionExtension */,
			);
		};
/* End PBXProject section */

/* Begin PBXResourcesBuildPhase section */
		23837F422E3C794F003AEF75 /* Resources */ = {
			isa = PBXResourcesBuildPhase;
			buildActionMask = 2147483647;
			files = (
			);
			runOnlyForDeploymentPostprocessing = 0;
		};
		23F09EF62E17292A00E25D2F /* Resources */ = {
			isa = PBXResourcesBuildPhase;
			buildActionMask = 2147483647;
			files = (
				24B928272F1F3C9B002B85D2 /* Assets.xcassets in Resources */,
			);
			runOnlyForDeploymentPostprocessing = 0;
		};
		23F09F032E17292B00E25D2F /* Resources */ = {
			isa = PBXResourcesBuildPhase;
			buildActionMask = 2147483647;
			files = (
			);
			runOnlyForDeploymentPostprocessing = 0;
		};
		23F09F0D2E17292B00E25D2F /* Resources */ = {
			isa = PBXResourcesBuildPhase;
			buildActionMask = 2147483647;
			files = (
			);
			runOnlyForDeploymentPostprocessing = 0;
		};
/* End PBXResourcesBuildPhase section */

/* Begin PBXSourcesBuildPhase section */
		23837F402E3C794F003AEF75 /* Sources */ = {
			isa = PBXSourcesBuildPhase;
			buildActionMask = 2147483647;
			files = (
			);
			runOnlyForDeploymentPostprocessing = 0;
		};
		23F09EF42E17292A00E25D2F /* Sources */ = {
			isa = PBXSourcesBuildPhase;
			buildActionMask = 2147483647;
			files = (
			);
			runOnlyForDeploymentPostprocessing = 0;
		};
		23F09F012E17292B00E25D2F /* Sources */ = {
			isa = PBXSourcesBuildPhase;
			buildActionMask = 2147483647;
			files = (
			);
			runOnlyForDeploymentPostprocessing = 0;
		};
		23F09F0B2E17292B00E25D2F /* Sources */ = {
			isa = PBXSourcesBuildPhase;
			buildActionMask = 2147483647;
			files = (
			);
			runOnlyForDeploymentPostprocessing = 0;
		};
/* End PBXSourcesBuildPhase section */

/* Begin PBXTargetDependency section */
		23837F562E3C7950003AEF75 /* PBXTargetDependency */ = {
			isa = PBXTargetDependency;
			target = 23837F432E3C794F003AEF75 /* Live Activity Widget ExtensionExtension */;
			targetProxy = 23837F552E3C7950003AEF75 /* PBXContainerItemProxy */;
		};
		23F09F072E17292B00E25D2F /* PBXTargetDependency */ = {
			isa = PBXTargetDependency;
			target = 23F09EF72E17292A00E25D2F /* DeenBuddy */;
			targetProxy = 23F09F062E17292B00E25D2F /* PBXContainerItemProxy */;
		};
		23F09F112E17292B00E25D2F /* PBXTargetDependency */ = {
			isa = PBXTargetDependency;
			target = 23F09EF72E17292A00E25D2F /* DeenBuddy */;
			targetProxy = 23F09F102E17292B00E25D2F /* PBXContainerItemProxy */;
		};
/* End PBXTargetDependency section */

/* Begin XCBuildConfiguration section */
		23837F592E3C7950003AEF75 /* Debug */ = {
			isa = XCBuildConfiguration;
			buildSettings = {
				ASSETCATALOG_COMPILER_GLOBAL_ACCENT_COLOR_NAME = AccentColor;
				ASSETCATALOG_COMPILER_WIDGET_BACKGROUND_COLOR_NAME = WidgetBackground;
				CODE_SIGN_ENTITLEMENTS = "Live Activity Widget ExtensionExtension.entitlements";
				CODE_SIGN_IDENTITY = "Apple Development";
				CODE_SIGN_STYLE = Automatic;
				CURRENT_PROJECT_VERSION = 1;
				DEVELOPMENT_TEAM = 23TQMQNW28;
				GENERATE_INFOPLIST_FILE = YES;
				INFOPLIST_FILE = "Live Activity Widget Extension/Info.plist";
				INFOPLIST_KEY_CFBundleDisplayName = "Live Activity Widget Extension";
				INFOPLIST_KEY_NSHumanReadableCopyright = "";
				INFOPLIST_KEY_NSSupportsLiveActivities = YES;
				INFOPLIST_KEY_NSSupportsLiveActivitiesFrequentUpdates = YES;
				INFOPLIST_KEY_WKSupportsLiveActivityLaunchAttributeTypes = Yes;
				IPHONEOS_DEPLOYMENT_TARGET = 16.1;
				LD_RUNPATH_SEARCH_PATHS = (
					"$(inherited)",
					"@executable_path/Frameworks",
					"@executable_path/../../Frameworks",
				);
				MARKETING_VERSION = 1.0;
				PRODUCT_BUNDLE_IDENTIFIER = "com.deenbuddy.app.Live-Activity-Widget-Extension";
				PRODUCT_NAME = "$(TARGET_NAME)";
				SKIP_INSTALL = YES;
				SWIFT_EMIT_LOC_STRINGS = YES;
				SWIFT_VERSION = 5.0;
				TARGETED_DEVICE_FAMILY = "1,2";
			};
			name = Debug;
		};
		23837F5A2E3C7950003AEF75 /* Release */ = {
			isa = XCBuildConfiguration;
			buildSettings = {
				ASSETCATALOG_COMPILER_GLOBAL_ACCENT_COLOR_NAME = AccentColor;
				ASSETCATALOG_COMPILER_WIDGET_BACKGROUND_COLOR_NAME = WidgetBackground;
				CODE_SIGN_ENTITLEMENTS = "Live Activity Widget ExtensionExtension.entitlements";
				CODE_SIGN_IDENTITY = "Apple Development";
				CODE_SIGN_STYLE = Automatic;
				CURRENT_PROJECT_VERSION = 1;
				DEVELOPMENT_TEAM = 23TQMQNW28;
				GENERATE_INFOPLIST_FILE = YES;
				INFOPLIST_FILE = "Live Activity Widget Extension/Info.plist";
				INFOPLIST_KEY_CFBundleDisplayName = "Live Activity Widget Extension";
				INFOPLIST_KEY_NSHumanReadableCopyright = "";
				INFOPLIST_KEY_NSSupportsLiveActivities = YES;
				INFOPLIST_KEY_NSSupportsLiveActivitiesFrequentUpdates = YES;
				INFOPLIST_KEY_WKSupportsLiveActivityLaunchAttributeTypes = Yes;
				IPHONEOS_DEPLOYMENT_TARGET = 16.1;
				LD_RUNPATH_SEARCH_PATHS = (
					"$(inherited)",
					"@executable_path/Frameworks",
					"@executable_path/../../Frameworks",
				);
				MARKETING_VERSION = 1.0;
				PRODUCT_BUNDLE_IDENTIFIER = "com.deenbuddy.app.Live-Activity-Widget-Extension";
				PRODUCT_NAME = "$(TARGET_NAME)";
				SKIP_INSTALL = YES;
				SWIFT_EMIT_LOC_STRINGS = YES;
				SWIFT_VERSION = 5.0;
				TARGETED_DEVICE_FAMILY = "1,2";
			};
			name = Release;
		};
		23F09F172E17292B00E25D2F /* Debug */ = {
			isa = XCBuildConfiguration;
			buildSettings = {
				ALWAYS_SEARCH_USER_PATHS = NO;
				ASSETCATALOG_COMPILER_GENERATE_SWIFT_ASSET_SYMBOL_EXTENSIONS = YES;
				CLANG_ANALYZER_NONNULL = YES;
				CLANG_ANALYZER_NUMBER_OBJECT_CONVERSION = YES_AGGRESSIVE;
				CLANG_CXX_LANGUAGE_STANDARD = "gnu++20";
				CLANG_ENABLE_MODULES = YES;
				CLANG_ENABLE_OBJC_ARC = YES;
				CLANG_ENABLE_OBJC_WEAK = YES;
				CLANG_WARN_BLOCK_CAPTURE_AUTORELEASING = YES;
				CLANG_WARN_BOOL_CONVERSION = YES;
				CLANG_WARN_COMMA = YES;
				CLANG_WARN_CONSTANT_CONVERSION = YES;
				CLANG_WARN_DEPRECATED_OBJC_IMPLEMENTATIONS = YES;
				CLANG_WARN_DIRECT_OBJC_ISA_USAGE = YES_ERROR;
				CLANG_WARN_DOCUMENTATION_COMMENTS = YES;
				CLANG_WARN_EMPTY_BODY = YES;
				CLANG_WARN_ENUM_CONVERSION = YES;
				CLANG_WARN_INFINITE_RECURSION = YES;
				CLANG_WARN_INT_CONVERSION = YES;
				CLANG_WARN_NON_LITERAL_NULL_CONVERSION = YES;
				CLANG_WARN_OBJC_IMPLICIT_RETAIN_SELF = YES;
				CLANG_WARN_OBJC_LITERAL_CONVERSION = YES;
				CLANG_WARN_OBJC_ROOT_CLASS = YES_ERROR;
				CLANG_WARN_QUOTED_INCLUDE_IN_FRAMEWORK_HEADER = YES;
				CLANG_WARN_RANGE_LOOP_ANALYSIS = YES;
				CLANG_WARN_STRICT_PROTOTYPES = YES;
				CLANG_WARN_SUSPICIOUS_MOVE = YES;
				CLANG_WARN_UNGUARDED_AVAILABILITY = YES_AGGRESSIVE;
				CLANG_WARN_UNREACHABLE_CODE = YES;
				CLANG_WARN__DUPLICATE_METHOD_MATCH = YES;
				COPY_PHASE_STRIP = NO;
				DEBUG_INFORMATION_FORMAT = dwarf;
				ENABLE_STRICT_OBJC_MSGSEND = YES;
				ENABLE_TESTABILITY = YES;
				ENABLE_USER_SCRIPT_SANDBOXING = YES;
				GCC_C_LANGUAGE_STANDARD = gnu17;
				GCC_DYNAMIC_NO_PIC = NO;
				GCC_NO_COMMON_BLOCKS = YES;
				GCC_OPTIMIZATION_LEVEL = 0;
				GCC_PREPROCESSOR_DEFINITIONS = (
					"DEBUG=1",
					"$(inherited)",
				);
				GCC_WARN_64_TO_32_BIT_CONVERSION = YES;
				GCC_WARN_ABOUT_RETURN_TYPE = YES_ERROR;
				GCC_WARN_UNDECLARED_SELECTOR = YES;
				GCC_WARN_UNINITIALIZED_AUTOS = YES_AGGRESSIVE;
				GCC_WARN_UNUSED_FUNCTION = YES;
				GCC_WARN_UNUSED_VARIABLE = YES;
				INFOPLIST_KEY_NSSupportsLiveActivities = YES;
				INFOPLIST_KEY_NSSupportsLiveActivitiesFrequentUpdates = YES;
				INFOPLIST_KEY_WKSupportsLiveActivityLaunchAttributeTypes = Yes;
				IPHONEOS_DEPLOYMENT_TARGET = 16.1;
				LOCALIZATION_PREFERS_STRING_CATALOGS = YES;
				MTL_ENABLE_DEBUG_INFO = INCLUDE_SOURCE;
				MTL_FAST_MATH = YES;
				ONLY_ACTIVE_ARCH = YES;
				SDKROOT = iphoneos;
				SWIFT_ACTIVE_COMPILATION_CONDITIONS = "DEBUG $(inherited)";
				SWIFT_OPTIMIZATION_LEVEL = "-Onone";
				SWIFT_VERSION = 5.5;
			};
			name = Debug;
		};
		23F09F182E17292B00E25D2F /* Release */ = {
			isa = XCBuildConfiguration;
			buildSettings = {
				ALWAYS_SEARCH_USER_PATHS = NO;
				ASSETCATALOG_COMPILER_GENERATE_SWIFT_ASSET_SYMBOL_EXTENSIONS = YES;
				CLANG_ANALYZER_NONNULL = YES;
				CLANG_ANALYZER_NUMBER_OBJECT_CONVERSION = YES_AGGRESSIVE;
				CLANG_CXX_LANGUAGE_STANDARD = "gnu++20";
				CLANG_ENABLE_MODULES = YES;
				CLANG_ENABLE_OBJC_ARC = YES;
				CLANG_ENABLE_OBJC_WEAK = YES;
				CLANG_WARN_BLOCK_CAPTURE_AUTORELEASING = YES;
				CLANG_WARN_BOOL_CONVERSION = YES;
				CLANG_WARN_COMMA = YES;
				CLANG_WARN_CONSTANT_CONVERSION = YES;
				CLANG_WARN_DEPRECATED_OBJC_IMPLEMENTATIONS = YES;
				CLANG_WARN_DIRECT_OBJC_ISA_USAGE = YES_ERROR;
				CLANG_WARN_DOCUMENTATION_COMMENTS = YES;
				CLANG_WARN_EMPTY_BODY = YES;
				CLANG_WARN_ENUM_CONVERSION = YES;
				CLANG_WARN_INFINITE_RECURSION = YES;
				CLANG_WARN_INT_CONVERSION = YES;
				CLANG_WARN_NON_LITERAL_NULL_CONVERSION = YES;
				CLANG_WARN_OBJC_IMPLICIT_RETAIN_SELF = YES;
				CLANG_WARN_OBJC_LITERAL_CONVERSION = YES;
				CLANG_WARN_OBJC_ROOT_CLASS = YES_ERROR;
				CLANG_WARN_QUOTED_INCLUDE_IN_FRAMEWORK_HEADER = YES;
				CLANG_WARN_RANGE_LOOP_ANALYSIS = YES;
				CLANG_WARN_STRICT_PROTOTYPES = YES;
				CLANG_WARN_SUSPICIOUS_MOVE = YES;
				CLANG_WARN_UNGUARDED_AVAILABILITY = YES_AGGRESSIVE;
				CLANG_WARN_UNREACHABLE_CODE = YES;
				CLANG_WARN__DUPLICATE_METHOD_MATCH = YES;
				COPY_PHASE_STRIP = NO;
				DEBUG_INFORMATION_FORMAT = "dwarf-with-dsym";
				ENABLE_NS_ASSERTIONS = NO;
				ENABLE_STRICT_OBJC_MSGSEND = YES;
				ENABLE_USER_SCRIPT_SANDBOXING = YES;
				GCC_C_LANGUAGE_STANDARD = gnu17;
				GCC_NO_COMMON_BLOCKS = YES;
				GCC_WARN_64_TO_32_BIT_CONVERSION = YES;
				GCC_WARN_ABOUT_RETURN_TYPE = YES_ERROR;
				GCC_WARN_UNDECLARED_SELECTOR = YES;
				GCC_WARN_UNINITIALIZED_AUTOS = YES_AGGRESSIVE;
				GCC_WARN_UNUSED_FUNCTION = YES;
				GCC_WARN_UNUSED_VARIABLE = YES;
				INFOPLIST_KEY_NSSupportsLiveActivities = YES;
				INFOPLIST_KEY_NSSupportsLiveActivitiesFrequentUpdates = YES;
				INFOPLIST_KEY_WKSupportsLiveActivityLaunchAttributeTypes = Yes;
				IPHONEOS_DEPLOYMENT_TARGET = 16.1;
				LOCALIZATION_PREFERS_STRING_CATALOGS = YES;
				MTL_ENABLE_DEBUG_INFO = NO;
				MTL_FAST_MATH = YES;
				SDKROOT = iphoneos;
				SWIFT_COMPILATION_MODE = wholemodule;
				SWIFT_VERSION = 5.5;
				VALIDATE_PRODUCT = YES;
			};
			name = Release;
		};
		23F09F1A2E17292B00E25D2F /* Debug */ = {
			isa = XCBuildConfiguration;
			buildSettings = {
				ASSETCATALOG_COMPILER_APPICON_NAME = AppIcon;
				ASSETCATALOG_COMPILER_GLOBAL_ACCENT_COLOR_NAME = AccentColor;
				CODE_SIGN_ENTITLEMENTS = DeenBuddy/DeenBuddy.entitlements;
				CODE_SIGN_IDENTITY = "Apple Development";
				CODE_SIGN_STYLE = Automatic;
				CURRENT_PROJECT_VERSION = 1;
				DEVELOPMENT_TEAM = 23TQMQNW28;
				ENABLE_PREVIEWS = YES;
				GENERATE_INFOPLIST_FILE = YES;
				INFOPLIST_FILE = DeenBuddy/Info.plist;
				INFOPLIST_KEY_BGTaskSchedulerPermittedIdentifiers = "com.deenbuddy.prayer-refresh com.deenbuddy.app.refresh com.deenbuddy.app.prayer-update";
				INFOPLIST_KEY_CFBundleDisplayName = DeenBuddy;
				INFOPLIST_KEY_LSApplicationCategoryType = "public.app-category.lifestyle";
				INFOPLIST_KEY_LSRequiresIPhoneOS = YES;
				INFOPLIST_KEY_NSCameraUsageDescription = "DeenBuddy uses the camera for AR compass feature to overlay Qibla direction on the real world view.";
				INFOPLIST_KEY_NSLocationAlwaysAndWhenInUseUsageDescription = "DeenBuddy needs location access to provide prayer time notifications and calculate accurate prayer times and Qibla direction.";
				INFOPLIST_KEY_NSLocationWhenInUseUsageDescription = "DeenBuddy needs location access to calculate accurate prayer times and Qibla direction for your area.";
				INFOPLIST_KEY_NSMotionUsageDescription = "DeenBuddy uses motion sensors to provide an accurate Qibla compass direction pointing towards Kaaba.";
				INFOPLIST_KEY_NSSupportsLiveActivities = YES;
				INFOPLIST_KEY_NSSupportsLiveActivitiesFrequentUpdates = YES;
				INFOPLIST_KEY_UIApplicationSceneManifest_Generation = YES;
				INFOPLIST_KEY_UIApplicationSupportsIndirectInputEvents = YES;
				INFOPLIST_KEY_UIBackgroundModes = "background-fetch background-processing";
				INFOPLIST_KEY_UILaunchScreen_Generation = YES;
				INFOPLIST_KEY_UISupportedInterfaceOrientations = "UIInterfaceOrientationPortrait UIInterfaceOrientationLandscapeLeft UIInterfaceOrientationLandscapeRight";
				INFOPLIST_KEY_UISupportedInterfaceOrientations_iPad = "UIInterfaceOrientationPortrait UIInterfaceOrientationPortraitUpsideDown UIInterfaceOrientationLandscapeLeft UIInterfaceOrientationLandscapeRight";
				INFOPLIST_KEY_WKSupportsLiveActivityLaunchAttributeTypes = Yes;
				IPHONEOS_DEPLOYMENT_TARGET = 16.1;
				LD_RUNPATH_SEARCH_PATHS = (
					"$(inherited)",
					"@executable_path/Frameworks",
				);
				MARKETING_VERSION = 1.0;
				PRODUCT_BUNDLE_IDENTIFIER = com.deenbuddy.app;
				PRODUCT_NAME = "$(TARGET_NAME)";
				PROVISIONING_PROFILE_SPECIFIER = "";
				SUPPORTED_PLATFORMS = "iphoneos iphonesimulator";
				SUPPORTS_MACCATALYST = NO;
				SUPPORTS_MAC_DESIGNED_FOR_IPHONE_IPAD = NO;
				SWIFT_EMIT_LOC_STRINGS = YES;
				SWIFT_VERSION = 5.5;
				TARGETED_DEVICE_FAMILY = "1,2";
			};
			name = Debug;
		};
		23F09F1B2E17292B00E25D2F /* Release */ = {
			isa = XCBuildConfiguration;
			buildSettings = {
				ASSETCATALOG_COMPILER_APPICON_NAME = AppIcon;
				ASSETCATALOG_COMPILER_GLOBAL_ACCENT_COLOR_NAME = AccentColor;
				CODE_SIGN_ENTITLEMENTS = DeenBuddy/DeenBuddy.entitlements;
				CODE_SIGN_IDENTITY = "Apple Development";
				CODE_SIGN_STYLE = Automatic;
				CURRENT_PROJECT_VERSION = 1;
				DEVELOPMENT_TEAM = 23TQMQNW28;
				ENABLE_PREVIEWS = YES;
				GENERATE_INFOPLIST_FILE = YES;
				INFOPLIST_FILE = DeenBuddy/Info.plist;
				INFOPLIST_KEY_BGTaskSchedulerPermittedIdentifiers = "com.deenbuddy.prayer-refresh com.deenbuddy.app.refresh com.deenbuddy.app.prayer-update";
				INFOPLIST_KEY_CFBundleDisplayName = DeenBuddy;
				INFOPLIST_KEY_LSApplicationCategoryType = "public.app-category.lifestyle";
				INFOPLIST_KEY_LSRequiresIPhoneOS = YES;
				INFOPLIST_KEY_NSCameraUsageDescription = "DeenBuddy uses the camera for AR compass feature to overlay Qibla direction on the real world view.";
				INFOPLIST_KEY_NSLocationAlwaysAndWhenInUseUsageDescription = "DeenBuddy needs location access to provide prayer time notifications and calculate accurate prayer times and Qibla direction.";
				INFOPLIST_KEY_NSLocationWhenInUseUsageDescription = "DeenBuddy needs location access to calculate accurate prayer times and Qibla direction for your area.";
				INFOPLIST_KEY_NSMotionUsageDescription = "DeenBuddy uses motion sensors to provide an accurate Qibla compass direction pointing towards Kaaba.";
				INFOPLIST_KEY_NSSupportsLiveActivities = YES;
				INFOPLIST_KEY_NSSupportsLiveActivitiesFrequentUpdates = YES;
				INFOPLIST_KEY_UIApplicationSceneManifest_Generation = YES;
				INFOPLIST_KEY_UIApplicationSupportsIndirectInputEvents = YES;
				INFOPLIST_KEY_UIBackgroundModes = "background-fetch background-processing";
				INFOPLIST_KEY_UILaunchScreen_Generation = YES;
				INFOPLIST_KEY_UISupportedInterfaceOrientations = "UIInterfaceOrientationPortrait UIInterfaceOrientationLandscapeLeft UIInterfaceOrientationLandscapeRight";
				INFOPLIST_KEY_UISupportedInterfaceOrientations_iPad = "UIInterfaceOrientationPortrait UIInterfaceOrientationPortraitUpsideDown UIInterfaceOrientationLandscapeLeft UIInterfaceOrientationLandscapeRight";
				INFOPLIST_KEY_WKSupportsLiveActivityLaunchAttributeTypes = Yes;
				IPHONEOS_DEPLOYMENT_TARGET = 16.1;
				LD_RUNPATH_SEARCH_PATHS = (
					"$(inherited)",
					"@executable_path/Frameworks",
				);
				MARKETING_VERSION = 1.0;
				PRODUCT_BUNDLE_IDENTIFIER = com.deenbuddy.app;
				PRODUCT_NAME = "$(TARGET_NAME)";
				PROVISIONING_PROFILE_SPECIFIER = "";
				SUPPORTED_PLATFORMS = "iphoneos iphonesimulator";
				SUPPORTS_MACCATALYST = NO;
				SUPPORTS_MAC_DESIGNED_FOR_IPHONE_IPAD = NO;
				SWIFT_EMIT_LOC_STRINGS = YES;
				SWIFT_VERSION = 5.5;
				TARGETED_DEVICE_FAMILY = "1,2";
			};
			name = Release;
		};
		23F09F1D2E17292B00E25D2F /* Debug */ = {
			isa = XCBuildConfiguration;
			buildSettings = {
				BUNDLE_LOADER = "$(TEST_HOST)";
				CODE_SIGN_STYLE = Automatic;
				CURRENT_PROJECT_VERSION = 1;
				DEVELOPMENT_TEAM = 23TQMQNW28;
				GENERATE_INFOPLIST_FILE = YES;
				IPHONEOS_DEPLOYMENT_TARGET = 18.0;
				MARKETING_VERSION = 1.0;
				PRODUCT_BUNDLE_IDENTIFIER = FarhoudTalebi.DeenBuddyTests;
				PRODUCT_NAME = "$(TARGET_NAME)";
				SWIFT_EMIT_LOC_STRINGS = NO;
				SWIFT_VERSION = 5.5;
				TARGETED_DEVICE_FAMILY = "1,2";
				TEST_HOST = "$(BUILT_PRODUCTS_DIR)/DeenBuddy.app/$(BUNDLE_EXECUTABLE_FOLDER_PATH)/DeenBuddy";
			};
			name = Debug;
		};
		23F09F1E2E17292B00E25D2F /* Release */ = {
			isa = XCBuildConfiguration;
			buildSettings = {
				BUNDLE_LOADER = "$(TEST_HOST)";
				CODE_SIGN_STYLE = Automatic;
				CURRENT_PROJECT_VERSION = 1;
				DEVELOPMENT_TEAM = 23TQMQNW28;
				GENERATE_INFOPLIST_FILE = YES;
				IPHONEOS_DEPLOYMENT_TARGET = 18.0;
				MARKETING_VERSION = 1.0;
				PRODUCT_BUNDLE_IDENTIFIER = FarhoudTalebi.DeenBuddyTests;
				PRODUCT_NAME = "$(TARGET_NAME)";
				SWIFT_EMIT_LOC_STRINGS = NO;
				SWIFT_VERSION = 5.5;
				TARGETED_DEVICE_FAMILY = "1,2";
				TEST_HOST = "$(BUILT_PRODUCTS_DIR)/DeenBuddy.app/$(BUNDLE_EXECUTABLE_FOLDER_PATH)/DeenBuddy";
			};
			name = Release;
		};
		23F09F202E17292B00E25D2F /* Debug */ = {
			isa = XCBuildConfiguration;
			buildSettings = {
				CODE_SIGN_STYLE = Automatic;
				CURRENT_PROJECT_VERSION = 1;
				DEVELOPMENT_TEAM = 23TQMQNW28;
				GENERATE_INFOPLIST_FILE = YES;
				MARKETING_VERSION = 1.0;
				PRODUCT_BUNDLE_IDENTIFIER = FarhoudTalebi.DeenBuddyUITests;
				PRODUCT_NAME = "$(TARGET_NAME)";
				SWIFT_EMIT_LOC_STRINGS = NO;
				SWIFT_VERSION = 5.5;
				TARGETED_DEVICE_FAMILY = "1,2";
				TEST_TARGET_NAME = DeenBuddy;
			};
			name = Debug;
		};
		23F09F212E17292B00E25D2F /* Release */ = {
			isa = XCBuildConfiguration;
			buildSettings = {
				CODE_SIGN_STYLE = Automatic;
				CURRENT_PROJECT_VERSION = 1;
				DEVELOPMENT_TEAM = 23TQMQNW28;
				GENERATE_INFOPLIST_FILE = YES;
				MARKETING_VERSION = 1.0;
				PRODUCT_BUNDLE_IDENTIFIER = FarhoudTalebi.DeenBuddyUITests;
				PRODUCT_NAME = "$(TARGET_NAME)";
				SWIFT_EMIT_LOC_STRINGS = NO;
				SWIFT_VERSION = 5.5;
				TARGETED_DEVICE_FAMILY = "1,2";
				TEST_TARGET_NAME = DeenBuddy;
			};
			name = Release;
		};
/* End XCBuildConfiguration section */

/* Begin XCConfigurationList section */
		23837F582E3C7950003AEF75 /* Build configuration list for PBXNativeTarget "Live Activity Widget ExtensionExtension" */ = {
			isa = XCConfigurationList;
			buildConfigurations = (
				23837F592E3C7950003AEF75 /* Debug */,
				23837F5A2E3C7950003AEF75 /* Release */,
			);
			defaultConfigurationIsVisible = 0;
			defaultConfigurationName = Debug;
		};
		23F09EF32E17292A00E25D2F /* Build configuration list for PBXProject "DeenBuddy" */ = {
			isa = XCConfigurationList;
			buildConfigurations = (
				23F09F172E17292B00E25D2F /* Debug */,
				23F09F182E17292B00E25D2F /* Release */,
			);
			defaultConfigurationIsVisible = 0;
			defaultConfigurationName = Debug;
		};
		23F09F192E17292B00E25D2F /* Build configuration list for PBXNativeTarget "DeenBuddy" */ = {
			isa = XCConfigurationList;
			buildConfigurations = (
				23F09F1A2E17292B00E25D2F /* Debug */,
				23F09F1B2E17292B00E25D2F /* Release */,
			);
			defaultConfigurationIsVisible = 0;
			defaultConfigurationName = Debug;
		};
		23F09F1C2E17292B00E25D2F /* Build configuration list for PBXNativeTarget "DeenBuddyTests" */ = {
			isa = XCConfigurationList;
			buildConfigurations = (
				23F09F1D2E17292B00E25D2F /* Debug */,
				23F09F1E2E17292B00E25D2F /* Release */,
			);
			defaultConfigurationIsVisible = 0;
			defaultConfigurationName = Debug;
		};
		23F09F1F2E17292B00E25D2F /* Build configuration list for PBXNativeTarget "DeenBuddyUITests" */ = {
			isa = XCConfigurationList;
			buildConfigurations = (
				23F09F202E17292B00E25D2F /* Debug */,
				23F09F212E17292B00E25D2F /* Release */,
			);
			defaultConfigurationIsVisible = 0;
			defaultConfigurationName = Debug;
		};
/* End XCConfigurationList section */

/* Begin XCRemoteSwiftPackageReference section */
		239095452EC9B426005B0EF1 /* XCRemoteSwiftPackageReference "firebase-ios-sdk" */ = {
			isa = XCRemoteSwiftPackageReference;
			repositoryURL = "https://github.com/firebase/firebase-ios-sdk";
			requirement = {
				kind = upToNextMajorVersion;
				minimumVersion = 12.6.0;
			};
		};
		23EA690E2E20AA2100415CFC /* XCRemoteSwiftPackageReference "adhan-swift" */ = {
			isa = XCRemoteSwiftPackageReference;
			repositoryURL = "https://github.com/batoulapps/adhan-swift";
			requirement = {
				kind = upToNextMajorVersion;
				minimumVersion = 1.4.0;
			};
		};
/* End XCRemoteSwiftPackageReference section */

/* Begin XCSwiftPackageProductDependency section */
		23837F722E3C861E003AEF75 /* Adhan */ = {
			isa = XCSwiftPackageProductDependency;
			package = 23EA690E2E20AA2100415CFC /* XCRemoteSwiftPackageReference "adhan-swift" */;
			productName = Adhan;
		};
		239095462EC9B426005B0EF1 /* FirebaseAnalytics */ = {
			isa = XCSwiftPackageProductDependency;
			package = 239095452EC9B426005B0EF1 /* XCRemoteSwiftPackageReference "firebase-ios-sdk" */;
			productName = FirebaseAnalytics;
		};
		239095482EC9B426005B0EF1 /* FirebaseAnalyticsCore */ = {
			isa = XCSwiftPackageProductDependency;
			package = 239095452EC9B426005B0EF1 /* XCRemoteSwiftPackageReference "firebase-ios-sdk" */;
			productName = FirebaseAnalyticsCore;
		};
		2390954A2EC9B426005B0EF1 /* FirebaseAuth */ = {
			isa = XCSwiftPackageProductDependency;
			package = 239095452EC9B426005B0EF1 /* XCRemoteSwiftPackageReference "firebase-ios-sdk" */;
			productName = FirebaseAuth;
		};
		2390954C2EC9B426005B0EF1 /* FirebaseCore */ = {
			isa = XCSwiftPackageProductDependency;
			package = 239095452EC9B426005B0EF1 /* XCRemoteSwiftPackageReference "firebase-ios-sdk" */;
			productName = FirebaseCore;
		};
		2390954E2EC9B426005B0EF1 /* FirebaseDatabase */ = {
			isa = XCSwiftPackageProductDependency;
			package = 239095452EC9B426005B0EF1 /* XCRemoteSwiftPackageReference "firebase-ios-sdk" */;
			productName = FirebaseDatabase;
		};
		239095502EC9B426005B0EF1 /* FirebaseStorage */ = {
			isa = XCSwiftPackageProductDependency;
			package = 239095452EC9B426005B0EF1 /* XCRemoteSwiftPackageReference "firebase-ios-sdk" */;
			productName = FirebaseStorage;
		};
		239095522EC9B537005B0EF1 /* FirebaseFirestore */ = {
			isa = XCSwiftPackageProductDependency;
			package = 239095452EC9B426005B0EF1 /* XCRemoteSwiftPackageReference "firebase-ios-sdk" */;
			productName = FirebaseFirestore;
		};
/* End XCSwiftPackageProductDependency section */
	};
	rootObject = 23F09EF02E17292A00E25D2F /* Project object */;
}
