// !$*UTF8*$!
{
	archiveVersion = 1;
	classes = {
	};
	objectVersion = 77;
	objects = {

/* Begin PBXBuildFile section */
		23B453912E177A49001A5C24 /* Adhan in Frameworks */ = {isa = PBXBuildFile; productRef = 23F09F1A2E17293000E25D2F /* Adhan */; };
/* End PBXBuildFile section */

/* Begin PBXContainerItemProxy section */
		23F09F062E17292B00E25D2F /* PBXContainerItemProxy */ = {
			isa = PBXContainerItemProxy;
			containerPortal = 23F09EF02E17292A00E25D2F /* Project object */;
			proxyType = 1;
			remoteGlobalIDString = 23F09EF72E17292A00E25D2F;
			remoteInfo = DeenBuddy;
		};
		23F09F102E17292B00E25D2F /* PBXContainerItemProxy */ = {
			isa = PBXContainerItemProxy;
			containerPortal = 23F09EF02E17292A00E25D2F /* Project object */;
			proxyType = 1;
			remoteGlobalIDString = 23F09EF72E17292A00E25D2F;
			remoteInfo = DeenBuddy;
		};
/* End PBXContainerItemProxy section */

/* Begin PBXFileReference section */
		23F09EF82E17292A00E25D2F /* DeenBuddy.app */ = {isa = PBXFileReference; explicitFileType = wrapper.application; includeInIndex = 0; path = DeenBuddy.app; sourceTree = BUILT_PRODUCTS_DIR; };
		23F09F052E17292B00E25D2F /* DeenBuddyTests.xctest */ = {isa = PBXFileReference; explicitFileType = wrapper.cfbundle; includeInIndex = 0; path = DeenBuddyTests.xctest; sourceTree = BUILT_PRODUCTS_DIR; };
		23F09F0F2E17292B00E25D2F /* DeenBuddyUITests.xctest */ = {isa = PBXFileReference; explicitFileType = wrapper.cfbundle; includeInIndex = 0; path = DeenBuddyUITests.xctest; sourceTree = BUILT_PRODUCTS_DIR; };
/* End PBXFileReference section */

/* Begin PBXFileSystemSynchronizedRootGroup section */
		23F09EFA2E17292A00E25D2F /* DeenBuddy */ = {
			isa = PBXFileSystemSynchronizedRootGroup;
			path = DeenBuddy;
			sourceTree = "<group>";
		};
		23F09F082E17292B00E25D2F /* DeenBuddyTests */ = {
			isa = PBXFileSystemSynchronizedRootGroup;
			path = DeenBuddyTests;
			sourceTree = "<group>";
		};
		23F09F122E17292B00E25D2F /* DeenBuddyUITests */ = {
			isa = PBXFileSystemSynchronizedRootGroup;
			path = DeenBuddyUITests;
			sourceTree = "<group>";
		};
/* End PBXFileSystemSynchronizedRootGroup section */

/* Begin PBXFrameworksBuildPhase section */
		23F09EF52E17292A00E25D2F /* Frameworks */ = {
			isa = PBXFrameworksBuildPhase;
			buildActionMask = 2147483647;
			files = (
				23B453912E177A49001A5C24 /* Adhan in Frameworks */,
			);
			runOnlyForDeploymentPostprocessing = 0;
		};
		23F09F022E17292B00E25D2F /* Frameworks */ = {
			isa = PBXFrameworksBuildPhase;
			buildActionMask = 2147483647;
			files = (
			);
			runOnlyForDeploymentPostprocessing = 0;
		};
		23F09F0C2E17292B00E25D2F /* Frameworks */ = {
			isa = PBXFrameworksBuildPhase;
			buildActionMask = 2147483647;
			files = (
			);
			runOnlyForDeploymentPostprocessing = 0;
		};
/* End PBXFrameworksBuildPhase section */

/* Begin PBXGroup section */
		23F09EEF2E17292A00E25D2F = {
			isa = PBXGroup;
			children = (
				23F09EFA2E17292A00E25D2F /* DeenBuddy */,
				23F09F082E17292B00E25D2F /* DeenBuddyTests */,
				23F09F122E17292B00E25D2F /* DeenBuddyUITests */,
				23F09EF92E17292A00E25D2F /* Products */,
			);
			sourceTree = "<group>";
		};
		23F09EF92E17292A00E25D2F /* Products */ = {
			isa = PBXGroup;
			children = (
				23F09EF82E17292A00E25D2F /* DeenBuddy.app */,
				23F09F052E17292B00E25D2F /* DeenBuddyTests.xctest */,
				23F09F0F2E17292B00E25D2F /* DeenBuddyUITests.xctest */,
			);
			name = Products;
			sourceTree = "<group>";
		};
/* End PBXGroup section */

/* Begin PBXNativeTarget section */
		23F09EF72E17292A00E25D2F /* DeenBuddy */ = {
			isa = PBXNativeTarget;
			buildConfigurationList = 23F09F192E17292B00E25D2F /* Build configuration list for PBXNativeTarget "DeenBuddy" */;
			buildPhases = (
				23F09EF42E17292A00E25D2F /* Sources */,
				23F09EF52E17292A00E25D2F /* Frameworks */,
				23F09EF62E17292A00E25D2F /* Resources */,
			);
			buildRules = (
			);
			dependencies = (
			);
			fileSystemSynchronizedGroups = (
				23F09EFA2E17292A00E25D2F /* DeenBuddy */,
			);
			name = DeenBuddy;
			packageProductDependencies = (
				23F09F1A2E17293000E25D2F /* Adhan */,
			);
			productName = DeenBuddy;
			productReference = 23F09EF82E17292A00E25D2F /* DeenBuddy.app */;
			productType = "com.apple.product-type.application";
		};
		23F09F042E17292B00E25D2F /* DeenBuddyTests */ = {
			isa = PBXNativeTarget;
			buildConfigurationList = 23F09F1C2E17292B00E25D2F /* Build configuration list for PBXNativeTarget "DeenBuddyTests" */;
			buildPhases = (
				23F09F012E17292B00E25D2F /* Sources */,
				23F09F022E17292B00E25D2F /* Frameworks */,
				23F09F032E17292B00E25D2F /* Resources */,
			);
			buildRules = (
			);
			dependencies = (
				23F09F072E17292B00E25D2F /* PBXTargetDependency */,
			);
			fileSystemSynchronizedGroups = (
				23F09F082E17292B00E25D2F /* DeenBuddyTests */,
			);
			name = DeenBuddyTests;
			packageProductDependencies = (
			);
			productName = DeenBuddyTests;
			productReference = 23F09F052E17292B00E25D2F /* DeenBuddyTests.xctest */;
			productType = "com.apple.product-type.bundle.unit-test";
		};
		23F09F0E2E17292B00E25D2F /* DeenBuddyUITests */ = {
			isa = PBXNativeTarget;
			buildConfigurationList = 23F09F1F2E17292B00E25D2F /* Build configuration list for PBXNativeTarget "DeenBuddyUITests" */;
			buildPhases = (
				23F09F0B2E17292B00E25D2F /* Sources */,
				23F09F0C2E17292B00E25D2F /* Frameworks */,
				23F09F0D2E17292B00E25D2F /* Resources */,
			);
			buildRules = (
			);
			dependencies = (
				23F09F112E17292B00E25D2F /* PBXTargetDependency */,
			);
			fileSystemSynchronizedGroups = (
				23F09F122E17292B00E25D2F /* DeenBuddyUITests */,
			);
			name = DeenBuddyUITests;
			packageProductDependencies = (
			);
			productName = DeenBuddyUITests;
			productReference = 23F09F0F2E17292B00E25D2F /* DeenBuddyUITests.xctest */;
			productType = "com.apple.product-type.bundle.ui-testing";
		};
/* End PBXNativeTarget section */

/* Begin PBXProject section */
		23F09EF02E17292A00E25D2F /* Project object */ = {
			isa = PBXProject;
			attributes = {
				BuildIndependentTargetsInParallel = 1;
				LastSwiftUpdateCheck = 1640;
				LastUpgradeCheck = 1640;
				TargetAttributes = {
					23F09EF72E17292A00E25D2F = {
						CreatedOnToolsVersion = 16.4;
					};
					23F09F042E17292B00E25D2F = {
						CreatedOnToolsVersion = 16.4;
						TestTargetID = 23F09EF72E17292A00E25D2F;
					};
					23F09F0E2E17292B00E25D2F = {
						CreatedOnToolsVersion = 16.4;
						TestTargetID = 23F09EF72E17292A00E25D2F;
					};
				};
			};
			buildConfigurationList = 23F09EF32E17292A00E25D2F /* Build configuration list for PBXProject "DeenBuddy" */;
			developmentRegion = en;
			hasScannedForEncodings = 0;
			knownRegions = (
				en,
				Base,
			);
			mainGroup = 23F09EEF2E17292A00E25D2F;
			minimizedProjectReferenceProxies = 1;
			packageReferences = (
				23F09F1B2E17293000E25D2F /* XCRemoteSwiftPackageReference "adhan-swift" */,
			);
			preferredProjectObjectVersion = 77;
			productRefGroup = 23F09EF92E17292A00E25D2F /* Products */;
			projectDirPath = "";
			projectRoot = "";
			targets = (
				23F09EF72E17292A00E25D2F /* DeenBuddy */,
				23F09F042E17292B00E25D2F /* DeenBuddyTests */,
				23F09F0E2E17292B00E25D2F /* DeenBuddyUITests */,
			);
		};
/* End PBXProject section */

/* Begin PBXResourcesBuildPhase section */
		23F09EF62E17292A00E25D2F /* Resources */ = {
			isa = PBXResourcesBuildPhase;
			buildActionMask = 2147483647;
			files = (
			);
			runOnlyForDeploymentPostprocessing = 0;
		};
		23F09F032E17292B00E25D2F /* Resources */ = {
			isa = PBXResourcesBuildPhase;
			buildActionMask = 2147483647;
			files = (
			);
			runOnlyForDeploymentPostprocessing = 0;
		};
		23F09F0D2E17292B00E25D2F /* Resources */ = {
			isa = PBXResourcesBuildPhase;
			buildActionMask = 2147483647;
			files = (
			);
			runOnlyForDeploymentPostprocessing = 0;
		};
/* End PBXResourcesBuildPhase section */

/* Begin PBXSourcesBuildPhase section */
		23F09EF42E17292A00E25D2F /* Sources */ = {
			isa = PBXSourcesBuildPhase;
			buildActionMask = 2147483647;
			files = (
			);
			runOnlyForDeploymentPostprocessing = 0;
		};
		23F09F012E17292B00E25D2F /* Sources */ = {
			isa = PBXSourcesBuildPhase;
			buildActionMask = 2147483647;
			files = (
			);
			runOnlyForDeploymentPostprocessing = 0;
		};
		23F09F0B2E17292B00E25D2F /* Sources */ = {
			isa = PBXSourcesBuildPhase;
			buildActionMask = 2147483647;
			files = (
			);
			runOnlyForDeploymentPostprocessing = 0;
		};
/* End PBXSourcesBuildPhase section */

/* Begin PBXTargetDependency section */
		23F09F072E17292B00E25D2F /* PBXTargetDependency */ = {
			isa = PBXTargetDependency;
			target = 23F09EF72E17292A00E25D2F /* DeenBuddy */;
			targetProxy = 23F09F062E17292B00E25D2F /* PBXContainerItemProxy */;
		};
		23F09F112E17292B00E25D2F /* PBXTargetDependency */ = {
			isa = PBXTargetDependency;
			target = 23F09EF72E17292A00E25D2F /* DeenBuddy */;
			targetProxy = 23F09F102E17292B00E25D2F /* PBXContainerItemProxy */;
		};
/* End PBXTargetDependency section */

/* Begin XCBuildConfiguration section */
		23F09F172E17292B00E25D2F /* Debug */ = {
			isa = XCBuildConfiguration;
			buildSettings = {
				ALWAYS_SEARCH_USER_PATHS = NO;
				ASSETCATALOG_COMPILER_GENERATE_SWIFT_ASSET_SYMBOL_EXTENSIONS = YES;
				CLANG_ANALYZER_NONNULL = YES;
				CLANG_ANALYZER_NUMBER_OBJECT_CONVERSION = YES_AGGRESSIVE;
				CLANG_CXX_LANGUAGE_STANDARD = "gnu++20";
				CLANG_ENABLE_MODULES = YES;
				CLANG_ENABLE_OBJC_ARC = YES;
				CLANG_ENABLE_OBJC_WEAK = YES;
				CLANG_WARN_BLOCK_CAPTURE_AUTORELEASING = YES;
				CLANG_WARN_BOOL_CONVERSION = YES;
				CLANG_WARN_COMMA = YES;
				CLANG_WARN_CONSTANT_CONVERSION = YES;
				CLANG_WARN_DEPRECATED_OBJC_IMPLEMENTATIONS = YES;
				CLANG_WARN_DIRECT_OBJC_ISA_USAGE = YES_ERROR;
				CLANG_WARN_DOCUMENTATION_COMMENTS = YES;
				CLANG_WARN_EMPTY_BODY = YES;
				CLANG_WARN_ENUM_CONVERSION = YES;
				CLANG_WARN_INFINITE_RECURSION = YES;
				CLANG_WARN_INT_CONVERSION = YES;
				CLANG_WARN_NON_LITERAL_NULL_CONVERSION = YES;
				CLANG_WARN_OBJC_IMPLICIT_RETAIN_SELF = YES;
				CLANG_WARN_OBJC_LITERAL_CONVERSION = YES;
				CLANG_WARN_OBJC_ROOT_CLASS = YES_ERROR;
				CLANG_WARN_QUOTED_INCLUDE_IN_FRAMEWORK_HEADER = YES;
				CLANG_WARN_RANGE_LOOP_ANALYSIS = YES;
				CLANG_WARN_STRICT_PROTOTYPES = YES;
				CLANG_WARN_SUSPICIOUS_MOVE = YES;
				CLANG_WARN_UNGUARDED_AVAILABILITY = YES_AGGRESSIVE;
				CLANG_WARN_UNREACHABLE_CODE = YES;
				CLANG_WARN__DUPLICATE_METHOD_MATCH = YES;
				COPY_PHASE_STRIP = NO;
				DEBUG_INFORMATION_FORMAT = dwarf;
				ENABLE_STRICT_OBJC_MSGSEND = YES;
				ENABLE_TESTABILITY = YES;
				ENABLE_USER_SCRIPT_SANDBOXING = YES;
				GCC_C_LANGUAGE_STANDARD = gnu17;
				GCC_DYNAMIC_NO_PIC = NO;
				GCC_NO_COMMON_BLOCKS = YES;
				GCC_OPTIMIZATION_LEVEL = 0;
				GCC_PREPROCESSOR_DEFINITIONS = (
					"DEBUG=1",
					"$(inherited)",
				);
				GCC_WARN_64_TO_32_BIT_CONVERSION = YES;
				GCC_WARN_ABOUT_RETURN_TYPE = YES_ERROR;
				GCC_WARN_UNDECLARED_SELECTOR = YES;
				GCC_WARN_UNINITIALIZED_AUTOS = YES_AGGRESSIVE;
				GCC_WARN_UNUSED_FUNCTION = YES;
				GCC_WARN_UNUSED_VARIABLE = YES;
				IPHONEOS_DEPLOYMENT_TARGET = 16.0;
				LOCALIZATION_PREFERS_STRING_CATALOGS = YES;
				MTL_ENABLE_DEBUG_INFO = INCLUDE_SOURCE;
				MTL_FAST_MATH = YES;
				ONLY_ACTIVE_ARCH = YES;
				SDKROOT = iphoneos;
				SWIFT_ACTIVE_COMPILATION_CONDITIONS = "DEBUG $(inherited)";
				SWIFT_OPTIMIZATION_LEVEL = "-Onone";
			};
			name = Debug;
		};
		23F09F182E17292B00E25D2F /* Release */ = {
			isa = XCBuildConfiguration;
			buildSettings = {
				ALWAYS_SEARCH_USER_PATHS = NO;
				ASSETCATALOG_COMPILER_GENERATE_SWIFT_ASSET_SYMBOL_EXTENSIONS = YES;
				CLANG_ANALYZER_NONNULL = YES;
				CLANG_ANALYZER_NUMBER_OBJECT_CONVERSION = YES_AGGRESSIVE;
				CLANG_CXX_LANGUAGE_STANDARD = "gnu++20";
				CLANG_ENABLE_MODULES = YES;
				CLANG_ENABLE_OBJC_ARC = YES;
				CLANG_ENABLE_OBJC_WEAK = YES;
				CLANG_WARN_BLOCK_CAPTURE_AUTORELEASING = YES;
				CLANG_WARN_BOOL_CONVERSION = YES;
				CLANG_WARN_COMMA = YES;
				CLANG_WARN_CONSTANT_CONVERSION = YES;
				CLANG_WARN_DEPRECATED_OBJC_IMPLEMENTATIONS = YES;
				CLANG_WARN_DIRECT_OBJC_ISA_USAGE = YES_ERROR;
				CLANG_WARN_DOCUMENTATION_COMMENTS = YES;
				CLANG_WARN_EMPTY_BODY = YES;
				CLANG_WARN_ENUM_CONVERSION = YES;
				CLANG_WARN_INFINITE_RECURSION = YES;
				CLANG_WARN_INT_CONVERSION = YES;
				CLANG_WARN_NON_LITERAL_NULL_CONVERSION = YES;
				CLANG_WARN_OBJC_IMPLICIT_RETAIN_SELF = YES;
				CLANG_WARN_OBJC_LITERAL_CONVERSION = YES;
				CLANG_WARN_OBJC_ROOT_CLASS = YES_ERROR;
				CLANG_WARN_QUOTED_INCLUDE_IN_FRAMEWORK_HEADER = YES;
				CLANG_WARN_RANGE_LOOP_ANALYSIS = YES;
				CLANG_WARN_STRICT_PROTOTYPES = YES;
				CLANG_WARN_SUSPICIOUS_MOVE = YES;
				CLANG_WARN_UNGUARDED_AVAILABILITY = YES_AGGRESSIVE;
				CLANG_WARN_UNREACHABLE_CODE = YES;
				CLANG_WARN__DUPLICATE_METHOD_MATCH = YES;
				COPY_PHASE_STRIP = NO;
				DEBUG_INFORMATION_FORMAT = "dwarf-with-dsym";
				ENABLE_NS_ASSERTIONS = NO;
				ENABLE_STRICT_OBJC_MSGSEND = YES;
				ENABLE_USER_SCRIPT_SANDBOXING = YES;
				GCC_C_LANGUAGE_STANDARD = gnu17;
				GCC_NO_COMMON_BLOCKS = YES;
				GCC_WARN_64_TO_32_BIT_CONVERSION = YES;
				GCC_WARN_ABOUT_RETURN_TYPE = YES_ERROR;
				GCC_WARN_UNDECLARED_SELECTOR = YES;
				GCC_WARN_UNINITIALIZED_AUTOS = YES_AGGRESSIVE;
				GCC_WARN_UNUSED_FUNCTION = YES;
				GCC_WARN_UNUSED_VARIABLE = YES;
				IPHONEOS_DEPLOYMENT_TARGET = 16.0;
				LOCALIZATION_PREFERS_STRING_CATALOGS = YES;
				MTL_ENABLE_DEBUG_INFO = NO;
				MTL_FAST_MATH = YES;
				SDKROOT = iphoneos;
				SWIFT_COMPILATION_MODE = wholemodule;
				VALIDATE_PRODUCT = YES;
			};
			name = Release;
		};
		23F09F1A2E17292B00E25D2F /* Debug */ = {
			isa = XCBuildConfiguration;
			buildSettings = {
				ASSETCATALOG_COMPILER_APPICON_NAME = AppIcon;
				ASSETCATALOG_COMPILER_GLOBAL_ACCENT_COLOR_NAME = AccentColor;
				CODE_SIGN_STYLE = Automatic;
				CURRENT_PROJECT_VERSION = 1;
				ENABLE_PREVIEWS = YES;
				GENERATE_INFOPLIST_FILE = YES;
				INFOPLIST_KEY_CFBundleDisplayName = DeenBuddy;
				INFOPLIST_KEY_LSRequiresIPhoneOS = YES;
				INFOPLIST_KEY_NSLocationAlwaysAndWhenInUseUsageDescription = "DeenBuddy needs location access to provide prayer time notifications and calculate accurate prayer times and Qibla direction.";
				INFOPLIST_KEY_NSLocationWhenInUseUsageDescription = "DeenBuddy needs location access to calculate accurate prayer times and Qibla direction for your area.";
				INFOPLIST_KEY_NSMotionUsageDescription = "DeenBuddy uses motion sensors to provide an accurate Qibla compass direction pointing towards Kaaba.";
				INFOPLIST_KEY_UIApplicationSceneManifest_Generation = YES;
				INFOPLIST_KEY_UIApplicationSupportsIndirectInputEvents = YES;
				INFOPLIST_KEY_UILaunchScreen_Generation = YES;
				INFOPLIST_KEY_UISupportedInterfaceOrientations = "UIInterfaceOrientationPortrait UIInterfaceOrientationLandscapeLeft UIInterfaceOrientationLandscapeRight";
				INFOPLIST_KEY_UISupportedInterfaceOrientations_iPad = "UIInterfaceOrientationPortrait UIInterfaceOrientationPortraitUpsideDown UIInterfaceOrientationLandscapeLeft UIInterfaceOrientationLandscapeRight";
				LD_RUNPATH_SEARCH_PATHS = (
					"$(inherited)",
					"@executable_path/Frameworks",
				);
				MARKETING_VERSION = 1.0;
				PRODUCT_BUNDLE_IDENTIFIER = com.deenbuddy.app;
				PRODUCT_NAME = "$(TARGET_NAME)";
				SWIFT_EMIT_LOC_STRINGS = YES;
				SWIFT_VERSION = 5.0;
				TARGETED_DEVICE_FAMILY = "1,2";
			};
			name = Debug;
		};
		23F09F1B2E17292B00E25D2F /* Release */ = {
			isa = XCBuildConfiguration;
			buildSettings = {
				ASSETCATALOG_COMPILER_APPICON_NAME = AppIcon;
				ASSETCATALOG_COMPILER_GLOBAL_ACCENT_COLOR_NAME = AccentColor;
				CODE_SIGN_STYLE = Automatic;
				CURRENT_PROJECT_VERSION = 1;
				ENABLE_PREVIEWS = YES;
				GENERATE_INFOPLIST_FILE = YES;
				INFOPLIST_KEY_CFBundleDisplayName = DeenBuddy;
				INFOPLIST_KEY_LSRequiresIPhoneOS = YES;
				INFOPLIST_KEY_NSLocationAlwaysAndWhenInUseUsageDescription = "DeenBuddy needs location access to provide prayer time notifications and calculate accurate prayer times and Qibla direction.";
				INFOPLIST_KEY_NSLocationWhenInUseUsageDescription = "DeenBuddy needs location access to calculate accurate prayer times and Qibla direction for your area.";
				INFOPLIST_KEY_NSMotionUsageDescription = "DeenBuddy uses motion sensors to provide an accurate Qibla compass direction pointing towards Kaaba.";
				INFOPLIST_KEY_UIApplicationSceneManifest_Generation = YES;
				INFOPLIST_KEY_UIApplicationSupportsIndirectInputEvents = YES;
				INFOPLIST_KEY_UILaunchScreen_Generation = YES;
				INFOPLIST_KEY_UISupportedInterfaceOrientations = "UIInterfaceOrientationPortrait UIInterfaceOrientationLandscapeLeft UIInterfaceOrientationLandscapeRight";
				INFOPLIST_KEY_UISupportedInterfaceOrientations_iPad = "UIInterfaceOrientationPortrait UIInterfaceOrientationPortraitUpsideDown UIInterfaceOrientationLandscapeLeft UIInterfaceOrientationLandscapeRight";
				LD_RUNPATH_SEARCH_PATHS = (
					"$(inherited)",
					"@executable_path/Frameworks",
				);
				MARKETING_VERSION = 1.0;
				PRODUCT_BUNDLE_IDENTIFIER = com.deenbuddy.app;
				PRODUCT_NAME = "$(TARGET_NAME)";
				SWIFT_EMIT_LOC_STRINGS = YES;
				SWIFT_VERSION = 5.0;
				TARGETED_DEVICE_FAMILY = "1,2";
			};
			name = Release;
		};
		23F09F1D2E17292B00E25D2F /* Debug */ = {
			isa = XCBuildConfiguration;
			buildSettings = {
				BUNDLE_LOADER = "$(TEST_HOST)";
				CODE_SIGN_STYLE = Automatic;
				CURRENT_PROJECT_VERSION = 1;
				GENERATE_INFOPLIST_FILE = YES;
				IPHONEOS_DEPLOYMENT_TARGET = 16.0;
				MARKETING_VERSION = 1.0;
				PRODUCT_BUNDLE_IDENTIFIER = FarhoudTalebi.DeenBuddyTests;
				PRODUCT_NAME = "$(TARGET_NAME)";
				SWIFT_EMIT_LOC_STRINGS = NO;
				SWIFT_VERSION = 5.0;
				TARGETED_DEVICE_FAMILY = "1,2";
				TEST_HOST = "$(BUILT_PRODUCTS_DIR)/DeenBuddy.app/$(BUNDLE_EXECUTABLE_FOLDER_PATH)/DeenBuddy";
			};
			name = Debug;
		};
		23F09F1E2E17292B00E25D2F /* Release */ = {
			isa = XCBuildConfiguration;
			buildSettings = {
				BUNDLE_LOADER = "$(TEST_HOST)";
				CODE_SIGN_STYLE = Automatic;
				CURRENT_PROJECT_VERSION = 1;
				GENERATE_INFOPLIST_FILE = YES;
				IPHONEOS_DEPLOYMENT_TARGET = 16.0;
				MARKETING_VERSION = 1.0;
				PRODUCT_BUNDLE_IDENTIFIER = FarhoudTalebi.DeenBuddyTests;
				PRODUCT_NAME = "$(TARGET_NAME)";
				SWIFT_EMIT_LOC_STRINGS = NO;
				SWIFT_VERSION = 5.0;
				TARGETED_DEVICE_FAMILY = "1,2";
				TEST_HOST = "$(BUILT_PRODUCTS_DIR)/DeenBuddy.app/$(BUNDLE_EXECUTABLE_FOLDER_PATH)/DeenBuddy";
			};
			name = Release;
		};
		23F09F202E17292B00E25D2F /* Debug */ = {
			isa = XCBuildConfiguration;
			buildSettings = {
				CODE_SIGN_STYLE = Automatic;
				CURRENT_PROJECT_VERSION = 1;
				GENERATE_INFOPLIST_FILE = YES;
				MARKETING_VERSION = 1.0;
				PRODUCT_BUNDLE_IDENTIFIER = FarhoudTalebi.DeenBuddyUITests;
				PRODUCT_NAME = "$(TARGET_NAME)";
				SWIFT_EMIT_LOC_STRINGS = NO;
				SWIFT_VERSION = 5.0;
				TARGETED_DEVICE_FAMILY = "1,2";
				TEST_TARGET_NAME = DeenBuddy;
			};
			name = Debug;
		};
		23F09F212E17292B00E25D2F /* Release */ = {
			isa = XCBuildConfiguration;
			buildSettings = {
				CODE_SIGN_STYLE = Automatic;
				CURRENT_PROJECT_VERSION = 1;
				GENERATE_INFOPLIST_FILE = YES;
				MARKETING_VERSION = 1.0;
				PRODUCT_BUNDLE_IDENTIFIER = FarhoudTalebi.DeenBuddyUITests;
				PRODUCT_NAME = "$(TARGET_NAME)";
				SWIFT_EMIT_LOC_STRINGS = NO;
				SWIFT_VERSION = 5.0;
				TARGETED_DEVICE_FAMILY = "1,2";
				TEST_TARGET_NAME = DeenBuddy;
			};
			name = Release;
		};
/* End XCBuildConfiguration section */

/* Begin XCConfigurationList section */
		23F09EF32E17292A00E25D2F /* Build configuration list for PBXProject "DeenBuddy" */ = {
			isa = XCConfigurationList;
			buildConfigurations = (
				23F09F172E17292B00E25D2F /* Debug */,
				23F09F182E17292B00E25D2F /* Release */,
			);
			defaultConfigurationIsVisible = 0;
			defaultConfigurationName = Release;
		};
		23F09F192E17292B00E25D2F /* Build configuration list for PBXNativeTarget "DeenBuddy" */ = {
			isa = XCConfigurationList;
			buildConfigurations = (
				23F09F1A2E17292B00E25D2F /* Debug */,
				23F09F1B2E17292B00E25D2F /* Release */,
			);
			defaultConfigurationIsVisible = 0;
			defaultConfigurationName = Release;
		};
		23F09F1C2E17292B00E25D2F /* Build configuration list for PBXNativeTarget "DeenBuddyTests" */ = {
			isa = XCConfigurationList;
			buildConfigurations = (
				23F09F1D2E17292B00E25D2F /* Debug */,
				23F09F1E2E17292B00E25D2F /* Release */,
			);
			defaultConfigurationIsVisible = 0;
			defaultConfigurationName = Release;
		};
		23F09F1F2E17292B00E25D2F /* Build configuration list for PBXNativeTarget "DeenBuddyUITests" */ = {
			isa = XCConfigurationList;
			buildConfigurations = (
				23F09F202E17292B00E25D2F /* Debug */,
				23F09F212E17292B00E25D2F /* Release */,
			);
			defaultConfigurationIsVisible = 0;
			defaultConfigurationName = Release;
		};
/* End XCConfigurationList section */

/* Begin XCRemoteSwiftPackageReference section */
		23F09F1B2E17293000E25D2F /* XCRemoteSwiftPackageReference "adhan-swift" */ = {
			isa = XCRemoteSwiftPackageReference;
			repositoryURL = "https://github.com/batoulapps/adhan-swift";
			requirement = {
				kind = upToNextMajorVersion;
				minimumVersion = 1.4.0;
			};
		};
/* End XCRemoteSwiftPackageReference section */

/* Begin XCSwiftPackageProductDependency section */
		23F09F1A2E17293000E25D2F /* Adhan */ = {
			isa = XCSwiftPackageProductDependency;
			package = 23F09F1B2E17293000E25D2F /* XCRemoteSwiftPackageReference "adhan-swift" */;
			productName = Adhan;
		};
/* End XCSwiftPackageProductDependency section */
	};
	rootObject = 23F09EF02E17292A00E25D2F /* Project object */;
}
